
Microsoft Visual Studio Solution File, Format Version 12.00
# Visual Studio Version 17
VisualStudioVersion = 17.0.31903.59
MinimumVisualStudioVersion = 10.0.40219.1
Project("{FAE04EC0-301F-11D3-BF4B-00C04F79EFBC}") = "Client", "Client\Client.csproj", "{054FD280-B2A1-40FB-ABA0-C9F01AC13BD2}"
EndProject
Project("{FAE04EC0-301F-11D3-BF4B-00C04F79EFBC}") = "IdentityServerHost", "IdentityServerHost\IdentityServerHost.csproj", "{7C1709B4-E6B9-4AC2-A96F-53CC78189C3B}"
EndProject
Global
	GlobalSection(SolutionConfigurationPlatforms) = preSolution
		Debug|Any CPU = Debug|Any CPU
		Release|Any CPU = Release|Any CPU
	EndGlobalSection
	GlobalSection(SolutionProperties) = preSolution
		HideSolutionNode = FALSE
	EndGlobalSection
	GlobalSection(ProjectConfigurationPlatforms) = postSolution
		{054FD280-B2A1-40FB-ABA0-C9F01AC13BD2}.Debug|Any CPU.ActiveCfg = Debug|Any CPU
		{054FD280-B2A1-40FB-ABA0-C9F01AC13BD2}.Debug|Any CPU.Build.0 = Debug|Any CPU
		{054FD280-B2A1-40FB-ABA0-C9F01AC13BD2}.Release|Any CPU.ActiveCfg = Release|Any CPU
		{054FD280-B2A1-40FB-ABA0-C9F01AC13BD2}.Release|Any CPU.Build.0 = Release|Any CPU
		{7C1709B4-E6B9-4AC2-A96F-53CC78189C3B}.Debug|Any CPU.ActiveCfg = Debug|Any CPU
		{7C1709B4-E6B9-4AC2-A96F-53CC78189C3B}.Debug|Any CPU.Build.0 = Debug|Any CPU
		{7C1709B4-E6B9-4AC2-A96F-53CC78189C3B}.Release|Any CPU.ActiveCfg = Release|Any CPU
		{7C1709B4-E6B9-4AC2-A96F-53CC78189C3B}.Release|Any CPU.Build.0 = Release|Any CPU
	EndGlobalSection
EndGlobal
