
Microsoft Visual Studio Solution File, Format Version 12.00
# Visual Studio Version 16
VisualStudioVersion = 16.0.30114.105
MinimumVisualStudioVersion = 10.0.40219.1
Project("{2150E333-8FDC-42A3-9474-1A3956D46DE8}") = "src", "src", "{52FE7FA2-9648-4BB9-AFF4-64C0C9A97E44}"
EndProject
Project("{FAE04EC0-301F-11D3-BF4B-00C04F79EFBC}") = "IdentityServer", "src\IdentityServer\IdentityServer.csproj", "{CD3B4286-96ED-4840-BE39-0696D5E2529A}"
EndProject
Project("{FAE04EC0-301F-11D3-BF4B-00C04F79EFBC}") = "Api", "src\Api\Api.csproj", "{F985371A-37BF-48DB-873A-5E20802564A4}"
EndProject
Project("{FAE04EC0-301F-11D3-BF4B-00C04F79EFBC}") = "Client", "src\Client\Client.csproj", "{1C77608B-A3F3-412D-8AE7-05549B80726F}"
EndProject
Project("{FAE04EC0-301F-11D3-BF4B-00C04F79EFBC}") = "WebClient", "src\WebClient\WebClient.csproj", "{DFB135E6-2E39-42E3-B613-58E5DE7718AE}"
EndProject
Global
	GlobalSection(SolutionConfigurationPlatforms) = preSolution
		Debug|Any CPU = Debug|Any CPU
		Release|Any CPU = Release|Any CPU
	EndGlobalSection
	GlobalSection(SolutionProperties) = preSolution
		HideSolutionNode = FALSE
	EndGlobalSection
	GlobalSection(ProjectConfigurationPlatforms) = postSolution
		{CD3B4286-96ED-4840-BE39-0696D5E2529A}.Debug|Any CPU.ActiveCfg = Debug|Any CPU
		{CD3B4286-96ED-4840-BE39-0696D5E2529A}.Debug|Any CPU.Build.0 = Debug|Any CPU
		{CD3B4286-96ED-4840-BE39-0696D5E2529A}.Release|Any CPU.ActiveCfg = Release|Any CPU
		{CD3B4286-96ED-4840-BE39-0696D5E2529A}.Release|Any CPU.Build.0 = Release|Any CPU
		{F985371A-37BF-48DB-873A-5E20802564A4}.Debug|Any CPU.ActiveCfg = Debug|Any CPU
		{F985371A-37BF-48DB-873A-5E20802564A4}.Debug|Any CPU.Build.0 = Debug|Any CPU
		{F985371A-37BF-48DB-873A-5E20802564A4}.Release|Any CPU.ActiveCfg = Release|Any CPU
		{F985371A-37BF-48DB-873A-5E20802564A4}.Release|Any CPU.Build.0 = Release|Any CPU
		{1C77608B-A3F3-412D-8AE7-05549B80726F}.Debug|Any CPU.ActiveCfg = Debug|Any CPU
		{1C77608B-A3F3-412D-8AE7-05549B80726F}.Debug|Any CPU.Build.0 = Debug|Any CPU
		{1C77608B-A3F3-412D-8AE7-05549B80726F}.Release|Any CPU.ActiveCfg = Release|Any CPU
		{1C77608B-A3F3-412D-8AE7-05549B80726F}.Release|Any CPU.Build.0 = Release|Any CPU
		{DFB135E6-2E39-42E3-B613-58E5DE7718AE}.Debug|Any CPU.ActiveCfg = Debug|Any CPU
		{DFB135E6-2E39-42E3-B613-58E5DE7718AE}.Debug|Any CPU.Build.0 = Debug|Any CPU
		{DFB135E6-2E39-42E3-B613-58E5DE7718AE}.Release|Any CPU.ActiveCfg = Release|Any CPU
		{DFB135E6-2E39-42E3-B613-58E5DE7718AE}.Release|Any CPU.Build.0 = Release|Any CPU
	EndGlobalSection
	GlobalSection(NestedProjects) = preSolution
		{CD3B4286-96ED-4840-BE39-0696D5E2529A} = {52FE7FA2-9648-4BB9-AFF4-64C0C9A97E44}
		{F985371A-37BF-48DB-873A-5E20802564A4} = {52FE7FA2-9648-4BB9-AFF4-64C0C9A97E44}
		{1C77608B-A3F3-412D-8AE7-05549B80726F} = {52FE7FA2-9648-4BB9-AFF4-64C0C9A97E44}
		{DFB135E6-2E39-42E3-B613-58E5DE7718AE} = {52FE7FA2-9648-4BB9-AFF4-64C0C9A97E44}
	EndGlobalSection
EndGlobal
