
Microsoft Visual Studio Solution File, Format Version 12.00
# Visual Studio Version 17
VisualStudioVersion = 17.0.31903.59
MinimumVisualStudioVersion = 10.0.40219.1
Project("{FAE04EC0-301F-11D3-BF4B-00C04F79EFBC}") = "Websocket.Bff", "Websocket.Bff\Websocket.Bff.csproj", "{9D15D197-C6DD-4318-8B80-3889C3E9BC31}"
EndProject
Project("{FAE04EC0-301F-11D3-BF4B-00C04F79EFBC}") = "Websocket.GraphQLServer", "Websocket.GraphQLServer\Websocket.GraphQLServer.csproj", "{51263E7B-EF96-4945-ADDD-6AC540769917}"
EndProject
Project("{FAE04EC0-301F-11D3-BF4B-00C04F79EFBC}") = "Websocket.AppHost", "Websocket.AppHost\Websocket.AppHost.csproj", "{9FD18AEF-032D-47F3-9E19-C95D641DC7F0}"
EndProject
Project("{FAE04EC0-301F-11D3-BF4B-00C04F79EFBC}") = "Websocket.Console", "Websocket.Console\Websocket.Console.csproj", "{F15492D6-15D6-42CA-92AC-28B1659BDC33}"
EndProject
Project("{54A90642-561A-4BB1-A94E-469ADEE60C69}") = "Websocket.React", "Websocket.React\Websocket.React.esproj", "{CEC6E8C3-C1F6-C646-E98F-4C172527373D}"
EndProject
Project("{2150E333-8FDC-42A3-9474-1A3956D46DE8}") = "Solution Items", "Solution Items", "{089100B1-113F-4E66-888A-E83F3999EAFD}"
	ProjectSection(SolutionItems) = preProject
		Readme.md = Readme.md
	EndProjectSection
EndProject
Global
	GlobalSection(SolutionConfigurationPlatforms) = preSolution
		Debug|Any CPU = Debug|Any CPU
		Debug|x64 = Debug|x64
		Debug|x86 = Debug|x86
		Release|Any CPU = Release|Any CPU
		Release|x64 = Release|x64
		Release|x86 = Release|x86
	EndGlobalSection
	GlobalSection(ProjectConfigurationPlatforms) = postSolution
		{9D15D197-C6DD-4318-8B80-3889C3E9BC31}.Debug|Any CPU.ActiveCfg = Debug|Any CPU
		{9D15D197-C6DD-4318-8B80-3889C3E9BC31}.Debug|Any CPU.Build.0 = Debug|Any CPU
		{9D15D197-C6DD-4318-8B80-3889C3E9BC31}.Debug|x64.ActiveCfg = Debug|Any CPU
		{9D15D197-C6DD-4318-8B80-3889C3E9BC31}.Debug|x64.Build.0 = Debug|Any CPU
		{9D15D197-C6DD-4318-8B80-3889C3E9BC31}.Debug|x86.ActiveCfg = Debug|Any CPU
		{9D15D197-C6DD-4318-8B80-3889C3E9BC31}.Debug|x86.Build.0 = Debug|Any CPU
		{9D15D197-C6DD-4318-8B80-3889C3E9BC31}.Release|Any CPU.ActiveCfg = Release|Any CPU
		{9D15D197-C6DD-4318-8B80-3889C3E9BC31}.Release|Any CPU.Build.0 = Release|Any CPU
		{9D15D197-C6DD-4318-8B80-3889C3E9BC31}.Release|x64.ActiveCfg = Release|Any CPU
		{9D15D197-C6DD-4318-8B80-3889C3E9BC31}.Release|x64.Build.0 = Release|Any CPU
		{9D15D197-C6DD-4318-8B80-3889C3E9BC31}.Release|x86.ActiveCfg = Release|Any CPU
		{9D15D197-C6DD-4318-8B80-3889C3E9BC31}.Release|x86.Build.0 = Release|Any CPU
		{51263E7B-EF96-4945-ADDD-6AC540769917}.Debug|Any CPU.ActiveCfg = Debug|Any CPU
		{51263E7B-EF96-4945-ADDD-6AC540769917}.Debug|Any CPU.Build.0 = Debug|Any CPU
		{51263E7B-EF96-4945-ADDD-6AC540769917}.Debug|x64.ActiveCfg = Debug|Any CPU
		{51263E7B-EF96-4945-ADDD-6AC540769917}.Debug|x64.Build.0 = Debug|Any CPU
		{51263E7B-EF96-4945-ADDD-6AC540769917}.Debug|x86.ActiveCfg = Debug|Any CPU
		{51263E7B-EF96-4945-ADDD-6AC540769917}.Debug|x86.Build.0 = Debug|Any CPU
		{51263E7B-EF96-4945-ADDD-6AC540769917}.Release|Any CPU.ActiveCfg = Release|Any CPU
		{51263E7B-EF96-4945-ADDD-6AC540769917}.Release|Any CPU.Build.0 = Release|Any CPU
		{51263E7B-EF96-4945-ADDD-6AC540769917}.Release|x64.ActiveCfg = Release|Any CPU
		{51263E7B-EF96-4945-ADDD-6AC540769917}.Release|x64.Build.0 = Release|Any CPU
		{51263E7B-EF96-4945-ADDD-6AC540769917}.Release|x86.ActiveCfg = Release|Any CPU
		{51263E7B-EF96-4945-ADDD-6AC540769917}.Release|x86.Build.0 = Release|Any CPU
		{9FD18AEF-032D-47F3-9E19-C95D641DC7F0}.Debug|Any CPU.ActiveCfg = Debug|Any CPU
		{9FD18AEF-032D-47F3-9E19-C95D641DC7F0}.Debug|Any CPU.Build.0 = Debug|Any CPU
		{9FD18AEF-032D-47F3-9E19-C95D641DC7F0}.Debug|x64.ActiveCfg = Debug|Any CPU
		{9FD18AEF-032D-47F3-9E19-C95D641DC7F0}.Debug|x64.Build.0 = Debug|Any CPU
		{9FD18AEF-032D-47F3-9E19-C95D641DC7F0}.Debug|x86.ActiveCfg = Debug|Any CPU
		{9FD18AEF-032D-47F3-9E19-C95D641DC7F0}.Debug|x86.Build.0 = Debug|Any CPU
		{9FD18AEF-032D-47F3-9E19-C95D641DC7F0}.Release|Any CPU.ActiveCfg = Release|Any CPU
		{9FD18AEF-032D-47F3-9E19-C95D641DC7F0}.Release|Any CPU.Build.0 = Release|Any CPU
		{9FD18AEF-032D-47F3-9E19-C95D641DC7F0}.Release|x64.ActiveCfg = Release|Any CPU
		{9FD18AEF-032D-47F3-9E19-C95D641DC7F0}.Release|x64.Build.0 = Release|Any CPU
		{9FD18AEF-032D-47F3-9E19-C95D641DC7F0}.Release|x86.ActiveCfg = Release|Any CPU
		{9FD18AEF-032D-47F3-9E19-C95D641DC7F0}.Release|x86.Build.0 = Release|Any CPU
		{F15492D6-15D6-42CA-92AC-28B1659BDC33}.Debug|Any CPU.ActiveCfg = Debug|Any CPU
		{F15492D6-15D6-42CA-92AC-28B1659BDC33}.Debug|Any CPU.Build.0 = Debug|Any CPU
		{F15492D6-15D6-42CA-92AC-28B1659BDC33}.Debug|x64.ActiveCfg = Debug|Any CPU
		{F15492D6-15D6-42CA-92AC-28B1659BDC33}.Debug|x64.Build.0 = Debug|Any CPU
		{F15492D6-15D6-42CA-92AC-28B1659BDC33}.Debug|x86.ActiveCfg = Debug|Any CPU
		{F15492D6-15D6-42CA-92AC-28B1659BDC33}.Debug|x86.Build.0 = Debug|Any CPU
		{F15492D6-15D6-42CA-92AC-28B1659BDC33}.Release|Any CPU.ActiveCfg = Release|Any CPU
		{F15492D6-15D6-42CA-92AC-28B1659BDC33}.Release|Any CPU.Build.0 = Release|Any CPU
		{F15492D6-15D6-42CA-92AC-28B1659BDC33}.Release|x64.ActiveCfg = Release|Any CPU
		{F15492D6-15D6-42CA-92AC-28B1659BDC33}.Release|x64.Build.0 = Release|Any CPU
		{F15492D6-15D6-42CA-92AC-28B1659BDC33}.Release|x86.ActiveCfg = Release|Any CPU
		{F15492D6-15D6-42CA-92AC-28B1659BDC33}.Release|x86.Build.0 = Release|Any CPU
		{CEC6E8C3-C1F6-C646-E98F-4C172527373D}.Debug|Any CPU.ActiveCfg = Debug|Any CPU
		{CEC6E8C3-C1F6-C646-E98F-4C172527373D}.Debug|Any CPU.Build.0 = Debug|Any CPU
		{CEC6E8C3-C1F6-C646-E98F-4C172527373D}.Debug|Any CPU.Deploy.0 = Debug|Any CPU
		{CEC6E8C3-C1F6-C646-E98F-4C172527373D}.Debug|x64.ActiveCfg = Debug|Any CPU
		{CEC6E8C3-C1F6-C646-E98F-4C172527373D}.Debug|x64.Build.0 = Debug|Any CPU
		{CEC6E8C3-C1F6-C646-E98F-4C172527373D}.Debug|x64.Deploy.0 = Debug|Any CPU
		{CEC6E8C3-C1F6-C646-E98F-4C172527373D}.Debug|x86.ActiveCfg = Debug|Any CPU
		{CEC6E8C3-C1F6-C646-E98F-4C172527373D}.Debug|x86.Build.0 = Debug|Any CPU
		{CEC6E8C3-C1F6-C646-E98F-4C172527373D}.Debug|x86.Deploy.0 = Debug|Any CPU
		{CEC6E8C3-C1F6-C646-E98F-4C172527373D}.Release|Any CPU.ActiveCfg = Release|Any CPU
		{CEC6E8C3-C1F6-C646-E98F-4C172527373D}.Release|Any CPU.Build.0 = Release|Any CPU
		{CEC6E8C3-C1F6-C646-E98F-4C172527373D}.Release|Any CPU.Deploy.0 = Release|Any CPU
		{CEC6E8C3-C1F6-C646-E98F-4C172527373D}.Release|x64.ActiveCfg = Release|Any CPU
		{CEC6E8C3-C1F6-C646-E98F-4C172527373D}.Release|x64.Build.0 = Release|Any CPU
		{CEC6E8C3-C1F6-C646-E98F-4C172527373D}.Release|x64.Deploy.0 = Release|Any CPU
		{CEC6E8C3-C1F6-C646-E98F-4C172527373D}.Release|x86.ActiveCfg = Release|Any CPU
		{CEC6E8C3-C1F6-C646-E98F-4C172527373D}.Release|x86.Build.0 = Release|Any CPU
		{CEC6E8C3-C1F6-C646-E98F-4C172527373D}.Release|x86.Deploy.0 = Release|Any CPU
	EndGlobalSection
	GlobalSection(SolutionProperties) = preSolution
		HideSolutionNode = FALSE
	EndGlobalSection
	GlobalSection(ExtensibilityGlobals) = postSolution
		SolutionGuid = {02420FA1-8F46-473C-AEC6-4990B49E3A7E}
	EndGlobalSection
EndGlobal
