
Microsoft Visual Studio Solution File, Format Version 12.00
# Visual Studio Version 17
VisualStudioVersion = 17.9.34414.90
MinimumVisualStudioVersion = 10.0.40219.1
Project("{FAE04EC0-301F-11D3-BF4B-00C04F79EFBC}") = "React.Bff", "React.Bff\React.Bff.csproj", "{07025756-7540-45C6-B2A9-9EA863CBD875}"
EndProject
Project("{54A90642-561A-4BB1-A94E-469ADEE60C69}") = "react.client", "react.client\react.client.esproj", "{A7CED0DE-122C-4270-9E92-BAA79021D03B}"
EndProject
Global
	GlobalSection(SolutionConfigurationPlatforms) = preSolution
		Debug|Any CPU = Debug|Any CPU
		Release|Any CPU = Release|Any CPU
	EndGlobalSection
	GlobalSection(ProjectConfigurationPlatforms) = postSolution
		{07025756-7540-45C6-B2A9-9EA863CBD875}.Debug|Any CPU.ActiveCfg = Debug|Any CPU
		{07025756-7540-45C6-B2A9-9EA863CBD875}.Debug|Any CPU.Build.0 = Debug|Any CPU
		{07025756-7540-45C6-B2A9-9EA863CBD875}.Release|Any CPU.ActiveCfg = Release|Any CPU
		{07025756-7540-45C6-B2A9-9EA863CBD875}.Release|Any CPU.Build.0 = Release|Any CPU
		{A7CED0DE-122C-4270-9E92-BAA79021D03B}.Debug|Any CPU.ActiveCfg = Debug|Any CPU
		{A7CED0DE-122C-4270-9E92-BAA79021D03B}.Debug|Any CPU.Build.0 = Debug|Any CPU
		{A7CED0DE-122C-4270-9E92-BAA79021D03B}.Debug|Any CPU.Deploy.0 = Debug|Any CPU
		{A7CED0DE-122C-4270-9E92-BAA79021D03B}.Release|Any CPU.ActiveCfg = Release|Any CPU
		{A7CED0DE-122C-4270-9E92-BAA79021D03B}.Release|Any CPU.Build.0 = Release|Any CPU
		{A7CED0DE-122C-4270-9E92-BAA79021D03B}.Release|Any CPU.Deploy.0 = Release|Any CPU
	EndGlobalSection
	GlobalSection(SolutionProperties) = preSolution
		HideSolutionNode = FALSE
	EndGlobalSection
	GlobalSection(ExtensibilityGlobals) = postSolution
		SolutionGuid = {055BE444-31B3-4C96-B5C9-5B8849163FF9}
	EndGlobalSection
EndGlobal
