
Microsoft Visual Studio Solution File, Format Version 12.00
# Visual Studio 15
VisualStudioVersion = 15.0.26124.0
MinimumVisualStudioVersion = 15.0.26124.0
Project("{FAE04EC0-301F-11D3-BF4B-00C04F79EFBC}") = "Client", "src\Client.csproj", "{231602F3-72FC-4D10-9BB8-90FCCF662DF6}"
EndProject
Project("{FAE04EC0-301F-11D3-BF4B-00C04F79EFBC}") = "IdentityServerHost", "..\IdentityServer\src\IdentityServerHost.csproj", "{40EC0D82-FE0F-4F38-AB58-C25B0FC0102F}"
EndProject
Project("{FAE04EC0-301F-11D3-BF4B-00C04F79EFBC}") = "ResourceBasedApi", "..\Apis\ResourceBasedApi\ResourceBasedApi.csproj", "{06672456-FD48-4217-831B-49119EC6554D}"
EndProject
Global
	GlobalSection(SolutionConfigurationPlatforms) = preSolution
		Debug|Any CPU = Debug|Any CPU
		Debug|x64 = Debug|x64
		Debug|x86 = Debug|x86
		Release|Any CPU = Release|Any CPU
		Release|x64 = Release|x64
		Release|x86 = Release|x86
	EndGlobalSection
	GlobalSection(SolutionProperties) = preSolution
		HideSolutionNode = FALSE
	EndGlobalSection
	GlobalSection(ProjectConfigurationPlatforms) = postSolution
		{231602F3-72FC-4D10-9BB8-90FCCF662DF6}.Debug|Any CPU.ActiveCfg = Debug|Any CPU
		{231602F3-72FC-4D10-9BB8-90FCCF662DF6}.Debug|Any CPU.Build.0 = Debug|Any CPU
		{231602F3-72FC-4D10-9BB8-90FCCF662DF6}.Debug|x64.ActiveCfg = Debug|Any CPU
		{231602F3-72FC-4D10-9BB8-90FCCF662DF6}.Debug|x64.Build.0 = Debug|Any CPU
		{231602F3-72FC-4D10-9BB8-90FCCF662DF6}.Debug|x86.ActiveCfg = Debug|Any CPU
		{231602F3-72FC-4D10-9BB8-90FCCF662DF6}.Debug|x86.Build.0 = Debug|Any CPU
		{231602F3-72FC-4D10-9BB8-90FCCF662DF6}.Release|Any CPU.ActiveCfg = Release|Any CPU
		{231602F3-72FC-4D10-9BB8-90FCCF662DF6}.Release|Any CPU.Build.0 = Release|Any CPU
		{231602F3-72FC-4D10-9BB8-90FCCF662DF6}.Release|x64.ActiveCfg = Release|Any CPU
		{231602F3-72FC-4D10-9BB8-90FCCF662DF6}.Release|x64.Build.0 = Release|Any CPU
		{231602F3-72FC-4D10-9BB8-90FCCF662DF6}.Release|x86.ActiveCfg = Release|Any CPU
		{231602F3-72FC-4D10-9BB8-90FCCF662DF6}.Release|x86.Build.0 = Release|Any CPU
		{40EC0D82-FE0F-4F38-AB58-C25B0FC0102F}.Debug|Any CPU.ActiveCfg = Debug|Any CPU
		{40EC0D82-FE0F-4F38-AB58-C25B0FC0102F}.Debug|Any CPU.Build.0 = Debug|Any CPU
		{40EC0D82-FE0F-4F38-AB58-C25B0FC0102F}.Debug|x64.ActiveCfg = Debug|Any CPU
		{40EC0D82-FE0F-4F38-AB58-C25B0FC0102F}.Debug|x64.Build.0 = Debug|Any CPU
		{40EC0D82-FE0F-4F38-AB58-C25B0FC0102F}.Debug|x86.ActiveCfg = Debug|Any CPU
		{40EC0D82-FE0F-4F38-AB58-C25B0FC0102F}.Debug|x86.Build.0 = Debug|Any CPU
		{40EC0D82-FE0F-4F38-AB58-C25B0FC0102F}.Release|Any CPU.ActiveCfg = Release|Any CPU
		{40EC0D82-FE0F-4F38-AB58-C25B0FC0102F}.Release|Any CPU.Build.0 = Release|Any CPU
		{40EC0D82-FE0F-4F38-AB58-C25B0FC0102F}.Release|x64.ActiveCfg = Release|Any CPU
		{40EC0D82-FE0F-4F38-AB58-C25B0FC0102F}.Release|x64.Build.0 = Release|Any CPU
		{40EC0D82-FE0F-4F38-AB58-C25B0FC0102F}.Release|x86.ActiveCfg = Release|Any CPU
		{40EC0D82-FE0F-4F38-AB58-C25B0FC0102F}.Release|x86.Build.0 = Release|Any CPU
		{1F49E1C3-B9BC-42EC-881E-AF42D358EAF5}.Debug|Any CPU.ActiveCfg = Debug|Any CPU
		{1F49E1C3-B9BC-42EC-881E-AF42D358EAF5}.Debug|Any CPU.Build.0 = Debug|Any CPU
		{1F49E1C3-B9BC-42EC-881E-AF42D358EAF5}.Debug|x64.ActiveCfg = Debug|Any CPU
		{1F49E1C3-B9BC-42EC-881E-AF42D358EAF5}.Debug|x64.Build.0 = Debug|Any CPU
		{1F49E1C3-B9BC-42EC-881E-AF42D358EAF5}.Debug|x86.ActiveCfg = Debug|Any CPU
		{1F49E1C3-B9BC-42EC-881E-AF42D358EAF5}.Debug|x86.Build.0 = Debug|Any CPU
		{1F49E1C3-B9BC-42EC-881E-AF42D358EAF5}.Release|Any CPU.ActiveCfg = Release|Any CPU
		{1F49E1C3-B9BC-42EC-881E-AF42D358EAF5}.Release|Any CPU.Build.0 = Release|Any CPU
		{1F49E1C3-B9BC-42EC-881E-AF42D358EAF5}.Release|x64.ActiveCfg = Release|Any CPU
		{1F49E1C3-B9BC-42EC-881E-AF42D358EAF5}.Release|x64.Build.0 = Release|Any CPU
		{1F49E1C3-B9BC-42EC-881E-AF42D358EAF5}.Release|x86.ActiveCfg = Release|Any CPU
		{1F49E1C3-B9BC-42EC-881E-AF42D358EAF5}.Release|x86.Build.0 = Release|Any CPU
		{06672456-FD48-4217-831B-49119EC6554D}.Debug|Any CPU.ActiveCfg = Debug|Any CPU
		{06672456-FD48-4217-831B-49119EC6554D}.Debug|Any CPU.Build.0 = Debug|Any CPU
		{06672456-FD48-4217-831B-49119EC6554D}.Debug|x64.ActiveCfg = Debug|Any CPU
		{06672456-FD48-4217-831B-49119EC6554D}.Debug|x64.Build.0 = Debug|Any CPU
		{06672456-FD48-4217-831B-49119EC6554D}.Debug|x86.ActiveCfg = Debug|Any CPU
		{06672456-FD48-4217-831B-49119EC6554D}.Debug|x86.Build.0 = Debug|Any CPU
		{06672456-FD48-4217-831B-49119EC6554D}.Release|Any CPU.ActiveCfg = Release|Any CPU
		{06672456-FD48-4217-831B-49119EC6554D}.Release|Any CPU.Build.0 = Release|Any CPU
		{06672456-FD48-4217-831B-49119EC6554D}.Release|x64.ActiveCfg = Release|Any CPU
		{06672456-FD48-4217-831B-49119EC6554D}.Release|x64.Build.0 = Release|Any CPU
		{06672456-FD48-4217-831B-49119EC6554D}.Release|x86.ActiveCfg = Release|Any CPU
		{06672456-FD48-4217-831B-49119EC6554D}.Release|x86.Build.0 = Release|Any CPU
	EndGlobalSection
	GlobalSection(NestedProjects) = preSolution
	EndGlobalSection
EndGlobal
