
Microsoft Visual Studio Solution File, Format Version 12.00
# Visual Studio Version 16
VisualStudioVersion = 16.0.31402.337
MinimumVisualStudioVersion = 10.0.40219.1
Project("{FAE04EC0-301F-11D3-BF4B-00C04F79EFBC}") = "JwtSecuredFunction", "JwtSecuredFunction\JwtSecuredFunction.csproj", "{576E79B0-B150-4F4D-8517-6DA36CB7A9A5}"
EndProject
Project("{FAE04EC0-301F-11D3-BF4B-00C04F79EFBC}") = "Client", "Client\Client.csproj", "{78517087-B854-4A3E-B49A-069015E1BFEB}"
EndProject
Global
	GlobalSection(SolutionConfigurationPlatforms) = preSolution
		Debug|Any CPU = Debug|Any CPU
		Release|Any CPU = Release|Any CPU
	EndGlobalSection
	GlobalSection(ProjectConfigurationPlatforms) = postSolution
		{576E79B0-B150-4F4D-8517-6DA36CB7A9A5}.Debug|Any CPU.ActiveCfg = Debug|Any CPU
		{576E79B0-B150-4F4D-8517-6DA36CB7A9A5}.Debug|Any CPU.Build.0 = Debug|Any CPU
		{576E79B0-B150-4F4D-8517-6DA36CB7A9A5}.Release|Any CPU.ActiveCfg = Release|Any CPU
		{576E79B0-B150-4F4D-8517-6DA36CB7A9A5}.Release|Any CPU.Build.0 = Release|Any CPU
		{78517087-B854-4A3E-B49A-069015E1BFEB}.Debug|Any CPU.ActiveCfg = Debug|Any CPU
		{78517087-B854-4A3E-B49A-069015E1BFEB}.Debug|Any CPU.Build.0 = Debug|Any CPU
		{78517087-B854-4A3E-B49A-069015E1BFEB}.Release|Any CPU.ActiveCfg = Release|Any CPU
		{78517087-B854-4A3E-B49A-069015E1BFEB}.Release|Any CPU.Build.0 = Release|Any CPU
	EndGlobalSection
	GlobalSection(SolutionProperties) = preSolution
		HideSolutionNode = FALSE
	EndGlobalSection
	GlobalSection(ExtensibilityGlobals) = postSolution
		SolutionGuid = {370101AC-3792-43B1-8B56-550DC6C7F21E}
	EndGlobalSection
EndGlobal
