
Microsoft Visual Studio Solution File, Format Version 12.00
# Visual Studio Version 17
VisualStudioVersion = 17.0.31903.59
MinimumVisualStudioVersion = 10.0.40219.1
Project("{FAE04EC0-301F-11D3-BF4B-00C04F79EFBC}") = "Configuration", "Configuration\Configuration.csproj", "{CD4E158A-9173-49A5-BF10-F5CAE6E5D3B1}"
EndProject
Project("{FAE04EC0-301F-11D3-BF4B-00C04F79EFBC}") = "ConsoleDcrClient", "ConsoleDcrClient\ConsoleDcrClient.csproj", "{D134466E-58AE-4787-984B-FB6F95EEA969}"
EndProject
Project("{FAE04EC0-301F-11D3-BF4B-00C04F79EFBC}") = "IdentityServer", "IdentityServer\IdentityServer.csproj", "{DFC06E4E-B945-4DF4-9A54-9CEB88EBA6FC}"
EndProject
Project("{FAE04EC0-301F-11D3-BF4B-00C04F79EFBC}") = "SimpleApi", "SimpleApi\SimpleApi.csproj", "{8AEE27BD-A162-431C-8579-79EF07B5B618}"
EndProject
Global
	GlobalSection(SolutionConfigurationPlatforms) = preSolution
		Debug|Any CPU = Debug|Any CPU
		Release|Any CPU = Release|Any CPU
	EndGlobalSection
	GlobalSection(SolutionProperties) = preSolution
		HideSolutionNode = FALSE
	EndGlobalSection
	GlobalSection(ProjectConfigurationPlatforms) = postSolution
		{CD4E158A-9173-49A5-BF10-F5CAE6E5D3B1}.Debug|Any CPU.ActiveCfg = Debug|Any CPU
		{CD4E158A-9173-49A5-BF10-F5CAE6E5D3B1}.Debug|Any CPU.Build.0 = Debug|Any CPU
		{CD4E158A-9173-49A5-BF10-F5CAE6E5D3B1}.Release|Any CPU.ActiveCfg = Release|Any CPU
		{CD4E158A-9173-49A5-BF10-F5CAE6E5D3B1}.Release|Any CPU.Build.0 = Release|Any CPU
		{D134466E-58AE-4787-984B-FB6F95EEA969}.Debug|Any CPU.ActiveCfg = Debug|Any CPU
		{D134466E-58AE-4787-984B-FB6F95EEA969}.Debug|Any CPU.Build.0 = Debug|Any CPU
		{D134466E-58AE-4787-984B-FB6F95EEA969}.Release|Any CPU.ActiveCfg = Release|Any CPU
		{D134466E-58AE-4787-984B-FB6F95EEA969}.Release|Any CPU.Build.0 = Release|Any CPU
		{DFC06E4E-B945-4DF4-9A54-9CEB88EBA6FC}.Debug|Any CPU.ActiveCfg = Debug|Any CPU
		{DFC06E4E-B945-4DF4-9A54-9CEB88EBA6FC}.Debug|Any CPU.Build.0 = Debug|Any CPU
		{DFC06E4E-B945-4DF4-9A54-9CEB88EBA6FC}.Release|Any CPU.ActiveCfg = Release|Any CPU
		{DFC06E4E-B945-4DF4-9A54-9CEB88EBA6FC}.Release|Any CPU.Build.0 = Release|Any CPU
		{8AEE27BD-A162-431C-8579-79EF07B5B618}.Debug|Any CPU.ActiveCfg = Debug|Any CPU
		{8AEE27BD-A162-431C-8579-79EF07B5B618}.Debug|Any CPU.Build.0 = Debug|Any CPU
		{8AEE27BD-A162-431C-8579-79EF07B5B618}.Release|Any CPU.ActiveCfg = Release|Any CPU
		{8AEE27BD-A162-431C-8579-79EF07B5B618}.Release|Any CPU.Build.0 = Release|Any CPU
	EndGlobalSection
EndGlobal
