
Microsoft Visual Studio Solution File, Format Version 12.00
# Visual Studio Version 17
VisualStudioVersion = 17.0.31912.275
MinimumVisualStudioVersion = 15.0.26124.0
Project("{9A19103F-16F7-4668-BE54-9A1E7A4F7556}") = "IdentityServerHost", "IdentityServer\IdentityServerHost.csproj", "{7F49863A-08F1-4A9B-9740-C05CF679384F}"
EndProject
Project("{9A19103F-16F7-4668-BE54-9A1E7A4F7556}") = "ConsoleMtlsClient", "ClientCredentials\ConsoleMtlsClient.csproj", "{78C79458-4CCF-4CD0-8AF9-DCE6D1D8F9B2}"
EndProject
Project("{9A19103F-16F7-4668-BE54-9A1E7A4F7556}") = "Api", "Api\Api.csproj", "{36079801-4BD2-4B7B-B44C-0B8169A7CB12}"
EndProject
Global
	GlobalSection(SolutionConfigurationPlatforms) = preSolution
		Debug|Any CPU = Debug|Any CPU
		Release|Any CPU = Release|Any CPU
	EndGlobalSection
	GlobalSection(ProjectConfigurationPlatforms) = postSolution
		{7F49863A-08F1-4A9B-9740-C05CF679384F}.Debug|Any CPU.ActiveCfg = Debug|Any CPU
		{7F49863A-08F1-4A9B-9740-C05CF679384F}.Debug|Any CPU.Build.0 = Debug|Any CPU
		{7F49863A-08F1-4A9B-9740-C05CF679384F}.Release|Any CPU.ActiveCfg = Release|Any CPU
		{7F49863A-08F1-4A9B-9740-C05CF679384F}.Release|Any CPU.Build.0 = Release|Any CPU
		{78C79458-4CCF-4CD0-8AF9-DCE6D1D8F9B2}.Debug|Any CPU.ActiveCfg = Debug|Any CPU
		{78C79458-4CCF-4CD0-8AF9-DCE6D1D8F9B2}.Debug|Any CPU.Build.0 = Debug|Any CPU
		{78C79458-4CCF-4CD0-8AF9-DCE6D1D8F9B2}.Release|Any CPU.ActiveCfg = Release|Any CPU
		{78C79458-4CCF-4CD0-8AF9-DCE6D1D8F9B2}.Release|Any CPU.Build.0 = Release|Any CPU
		{36079801-4BD2-4B7B-B44C-0B8169A7CB12}.Debug|Any CPU.ActiveCfg = Debug|Any CPU
		{36079801-4BD2-4B7B-B44C-0B8169A7CB12}.Debug|Any CPU.Build.0 = Debug|Any CPU
		{36079801-4BD2-4B7B-B44C-0B8169A7CB12}.Release|Any CPU.ActiveCfg = Release|Any CPU
		{36079801-4BD2-4B7B-B44C-0B8169A7CB12}.Release|Any CPU.Build.0 = Release|Any CPU
	EndGlobalSection
	GlobalSection(SolutionProperties) = preSolution
		HideSolutionNode = FALSE
	EndGlobalSection
	GlobalSection(ExtensibilityGlobals) = postSolution
		SolutionGuid = {19E1F138-35A2-4333-B438-45CB09FE9BEE}
	EndGlobalSection
EndGlobal
