
Microsoft Visual Studio Solution File, Format Version 12.00
# Visual Studio Version 16
VisualStudioVersion = 16.0.30114.105
MinimumVisualStudioVersion = 10.0.40219.1
Project("{2150E333-8FDC-42A3-9474-1A3956D46DE8}") = "src", "src", "{EAE87369-80FD-4CC4-9FD9-A6039B88A445}"
EndProject
Project("{FAE04EC0-301F-11D3-BF4B-00C04F79EFBC}") = "FrontEndHost", "src\FrontendHost\FrontEndHost.csproj", "{919BF796-BA7A-43ED-AF9D-262531BDD611}"
EndProject
Project("{FAE04EC0-301F-11D3-BF4B-00C04F79EFBC}") = "BackendApiHost", "src\BackendApiHost\BackendApiHost.csproj", "{0549B194-7F87-484D-BB7F-E6755E251E98}"
EndProject
Global
	GlobalSection(SolutionConfigurationPlatforms) = preSolution
		Debug|Any CPU = Debug|Any CPU
		Release|Any CPU = Release|Any CPU
	EndGlobalSection
	GlobalSection(SolutionProperties) = preSolution
		HideSolutionNode = FALSE
	EndGlobalSection
	GlobalSection(ProjectConfigurationPlatforms) = postSolution
		{919BF796-BA7A-43ED-AF9D-262531BDD611}.Debug|Any CPU.ActiveCfg = Debug|Any CPU
		{919BF796-BA7A-43ED-AF9D-262531BDD611}.Debug|Any CPU.Build.0 = Debug|Any CPU
		{919BF796-BA7A-43ED-AF9D-262531BDD611}.Release|Any CPU.ActiveCfg = Release|Any CPU
		{919BF796-BA7A-43ED-AF9D-262531BDD611}.Release|Any CPU.Build.0 = Release|Any CPU
		{0549B194-7F87-484D-BB7F-E6755E251E98}.Debug|Any CPU.ActiveCfg = Debug|Any CPU
		{0549B194-7F87-484D-BB7F-E6755E251E98}.Debug|Any CPU.Build.0 = Debug|Any CPU
		{0549B194-7F87-484D-BB7F-E6755E251E98}.Release|Any CPU.ActiveCfg = Release|Any CPU
		{0549B194-7F87-484D-BB7F-E6755E251E98}.Release|Any CPU.Build.0 = Release|Any CPU
	EndGlobalSection
	GlobalSection(NestedProjects) = preSolution
		{919BF796-BA7A-43ED-AF9D-262531BDD611} = {EAE87369-80FD-4CC4-9FD9-A6039B88A445}
		{0549B194-7F87-484D-BB7F-E6755E251E98} = {EAE87369-80FD-4CC4-9FD9-A6039B88A445}
	EndGlobalSection
EndGlobal
