
Microsoft Visual Studio Solution File, Format Version 12.00
# Visual Studio Version 17
VisualStudioVersion = 17.9.34310.174
MinimumVisualStudioVersion = 10.0.40219.1
Project("{9A19103F-16F7-4668-BE54-9A1E7A4F7556}") = "Angular.Bff", "Angular.Bff\Angular.Bff.csproj", "{5E2E7B6B-24F1-4890-B802-0174F1E0E1C4}"
EndProject
Project("{54A90642-561A-4BB1-A94E-469ADEE60C69}") = "angular.client", "angular.client\angular.client.esproj", "{1FDF2D56-1F09-40E9-A3AE-EF1B4FE2F9CE}"
EndProject
Project("{FAE04EC0-301F-11D3-BF4B-00C04F79EFBC}") = "Angular.Api", "Angular.Api\Angular.Api.csproj", "{D303F823-57D9-4C51-B551-EFCA94D10194}"
EndProject
Global
	GlobalSection(SolutionConfigurationPlatforms) = preSolution
		Debug|Any CPU = Debug|Any CPU
		Release|Any CPU = Release|Any CPU
	EndGlobalSection
	GlobalSection(ProjectConfigurationPlatforms) = postSolution
		{5E2E7B6B-24F1-4890-B802-0174F1E0E1C4}.Debug|Any CPU.ActiveCfg = Debug|Any CPU
		{5E2E7B6B-24F1-4890-B802-0174F1E0E1C4}.Debug|Any CPU.Build.0 = Debug|Any CPU
		{5E2E7B6B-24F1-4890-B802-0174F1E0E1C4}.Release|Any CPU.ActiveCfg = Release|Any CPU
		{5E2E7B6B-24F1-4890-B802-0174F1E0E1C4}.Release|Any CPU.Build.0 = Release|Any CPU
		{1FDF2D56-1F09-40E9-A3AE-EF1B4FE2F9CE}.Debug|Any CPU.ActiveCfg = Debug|Any CPU
		{1FDF2D56-1F09-40E9-A3AE-EF1B4FE2F9CE}.Debug|Any CPU.Build.0 = Debug|Any CPU
		{1FDF2D56-1F09-40E9-A3AE-EF1B4FE2F9CE}.Debug|Any CPU.Deploy.0 = Debug|Any CPU
		{1FDF2D56-1F09-40E9-A3AE-EF1B4FE2F9CE}.Release|Any CPU.ActiveCfg = Release|Any CPU
		{1FDF2D56-1F09-40E9-A3AE-EF1B4FE2F9CE}.Release|Any CPU.Build.0 = Release|Any CPU
		{1FDF2D56-1F09-40E9-A3AE-EF1B4FE2F9CE}.Release|Any CPU.Deploy.0 = Release|Any CPU
		{D303F823-57D9-4C51-B551-EFCA94D10194}.Debug|Any CPU.ActiveCfg = Debug|Any CPU
		{D303F823-57D9-4C51-B551-EFCA94D10194}.Debug|Any CPU.Build.0 = Debug|Any CPU
		{D303F823-57D9-4C51-B551-EFCA94D10194}.Release|Any CPU.ActiveCfg = Release|Any CPU
		{D303F823-57D9-4C51-B551-EFCA94D10194}.Release|Any CPU.Build.0 = Release|Any CPU
	EndGlobalSection
	GlobalSection(SolutionProperties) = preSolution
		HideSolutionNode = FALSE
	EndGlobalSection
	GlobalSection(ExtensibilityGlobals) = postSolution
		SolutionGuid = {14EA635F-9626-424A-ACDC-BDBDAAF9C640}
	EndGlobalSection
EndGlobal
