
Microsoft Visual Studio Solution File, Format Version 12.00
# Visual Studio Version 16
VisualStudioVersion = 16.6.30114.105
MinimumVisualStudioVersion = 10.0.40219.1
Project("{FAE04EC0-301F-11D3-BF4B-00C04F79EFBC}") = "BlazorServer", "src\BlazorServer\BlazorServer.csproj", "{85CF35CD-959E-46E1-91E9-446580D13E74}"
EndProject
Project("{FAE04EC0-301F-11D3-BF4B-00C04F79EFBC}") = "Api", "src\Api\Api.csproj", "{070FEEA1-77E4-4AC2-A6C1-BE645731CF00}"
EndProject
Global
	GlobalSection(SolutionConfigurationPlatforms) = preSolution
		Debug|Any CPU = Debug|Any CPU
		Debug|x64 = Debug|x64
		Debug|x86 = Debug|x86
		Release|Any CPU = Release|Any CPU
		Release|x64 = Release|x64
		Release|x86 = Release|x86
	EndGlobalSection
	GlobalSection(SolutionProperties) = preSolution
		HideSolutionNode = FALSE
	EndGlobalSection
	GlobalSection(ProjectConfigurationPlatforms) = postSolution
		{85CF35CD-959E-46E1-91E9-446580D13E74}.Debug|Any CPU.ActiveCfg = Debug|Any CPU
		{85CF35CD-959E-46E1-91E9-446580D13E74}.Debug|Any CPU.Build.0 = Debug|Any CPU
		{85CF35CD-959E-46E1-91E9-446580D13E74}.Debug|x64.ActiveCfg = Debug|Any CPU
		{85CF35CD-959E-46E1-91E9-446580D13E74}.Debug|x64.Build.0 = Debug|Any CPU
		{85CF35CD-959E-46E1-91E9-446580D13E74}.Debug|x86.ActiveCfg = Debug|Any CPU
		{85CF35CD-959E-46E1-91E9-446580D13E74}.Debug|x86.Build.0 = Debug|Any CPU
		{85CF35CD-959E-46E1-91E9-446580D13E74}.Release|Any CPU.ActiveCfg = Release|Any CPU
		{85CF35CD-959E-46E1-91E9-446580D13E74}.Release|Any CPU.Build.0 = Release|Any CPU
		{85CF35CD-959E-46E1-91E9-446580D13E74}.Release|x64.ActiveCfg = Release|Any CPU
		{85CF35CD-959E-46E1-91E9-446580D13E74}.Release|x64.Build.0 = Release|Any CPU
		{85CF35CD-959E-46E1-91E9-446580D13E74}.Release|x86.ActiveCfg = Release|Any CPU
		{85CF35CD-959E-46E1-91E9-446580D13E74}.Release|x86.Build.0 = Release|Any CPU
		{070FEEA1-77E4-4AC2-A6C1-BE645731CF00}.Debug|Any CPU.ActiveCfg = Debug|Any CPU
		{070FEEA1-77E4-4AC2-A6C1-BE645731CF00}.Debug|Any CPU.Build.0 = Debug|Any CPU
		{070FEEA1-77E4-4AC2-A6C1-BE645731CF00}.Debug|x64.ActiveCfg = Debug|Any CPU
		{070FEEA1-77E4-4AC2-A6C1-BE645731CF00}.Debug|x64.Build.0 = Debug|Any CPU
		{070FEEA1-77E4-4AC2-A6C1-BE645731CF00}.Debug|x86.ActiveCfg = Debug|Any CPU
		{070FEEA1-77E4-4AC2-A6C1-BE645731CF00}.Debug|x86.Build.0 = Debug|Any CPU
		{070FEEA1-77E4-4AC2-A6C1-BE645731CF00}.Release|Any CPU.ActiveCfg = Release|Any CPU
		{070FEEA1-77E4-4AC2-A6C1-BE645731CF00}.Release|Any CPU.Build.0 = Release|Any CPU
		{070FEEA1-77E4-4AC2-A6C1-BE645731CF00}.Release|x64.ActiveCfg = Release|Any CPU
		{070FEEA1-77E4-4AC2-A6C1-BE645731CF00}.Release|x64.Build.0 = Release|Any CPU
		{070FEEA1-77E4-4AC2-A6C1-BE645731CF00}.Release|x86.ActiveCfg = Release|Any CPU
		{070FEEA1-77E4-4AC2-A6C1-BE645731CF00}.Release|x86.Build.0 = Release|Any CPU
	EndGlobalSection
EndGlobal
