
Microsoft Visual Studio Solution File, Format Version 12.00
# Visual Studio 15
VisualStudioVersion = 15.0.26124.0
MinimumVisualStudioVersion = 15.0.26124.0
Project("{FAE04EC0-301F-11D3-BF4B-00C04F79EFBC}") = "Client", "src\Client.csproj", "{62493CA0-0872-4C10-AE75-1D2590B027EF}"
EndProject
Project("{FAE04EC0-301F-11D3-BF4B-00C04F79EFBC}") = "SimpleApi", "..\..\Apis\SimpleApi\SimpleApi.csproj", "{2174B90F-1AD4-458D-AF9F-93FE5EF77184}"
EndProject
Project("{FAE04EC0-301F-11D3-BF4B-00C04F79EFBC}") = "IdentityServerHost", "..\..\IdentityServerHost\src\IdentityServerHost.csproj", "{A56F0F1A-D4F5-43B3-8685-C0E5677AFA37}"
EndProject
Global
	GlobalSection(SolutionConfigurationPlatforms) = preSolution
		Debug|Any CPU = Debug|Any CPU
		Debug|x64 = Debug|x64
		Debug|x86 = Debug|x86
		Release|Any CPU = Release|Any CPU
		Release|x64 = Release|x64
		Release|x86 = Release|x86
	EndGlobalSection
	GlobalSection(SolutionProperties) = preSolution
		HideSolutionNode = FALSE
	EndGlobalSection
	GlobalSection(ProjectConfigurationPlatforms) = postSolution
		{1F49E1C3-B9BC-42EC-881E-AF42D358EAF5}.Debug|Any CPU.ActiveCfg = Debug|Any CPU
		{1F49E1C3-B9BC-42EC-881E-AF42D358EAF5}.Debug|Any CPU.Build.0 = Debug|Any CPU
		{1F49E1C3-B9BC-42EC-881E-AF42D358EAF5}.Debug|x64.ActiveCfg = Debug|Any CPU
		{1F49E1C3-B9BC-42EC-881E-AF42D358EAF5}.Debug|x64.Build.0 = Debug|Any CPU
		{1F49E1C3-B9BC-42EC-881E-AF42D358EAF5}.Debug|x86.ActiveCfg = Debug|Any CPU
		{1F49E1C3-B9BC-42EC-881E-AF42D358EAF5}.Debug|x86.Build.0 = Debug|Any CPU
		{1F49E1C3-B9BC-42EC-881E-AF42D358EAF5}.Release|Any CPU.ActiveCfg = Release|Any CPU
		{1F49E1C3-B9BC-42EC-881E-AF42D358EAF5}.Release|Any CPU.Build.0 = Release|Any CPU
		{1F49E1C3-B9BC-42EC-881E-AF42D358EAF5}.Release|x64.ActiveCfg = Release|Any CPU
		{1F49E1C3-B9BC-42EC-881E-AF42D358EAF5}.Release|x64.Build.0 = Release|Any CPU
		{1F49E1C3-B9BC-42EC-881E-AF42D358EAF5}.Release|x86.ActiveCfg = Release|Any CPU
		{1F49E1C3-B9BC-42EC-881E-AF42D358EAF5}.Release|x86.Build.0 = Release|Any CPU
		{62493CA0-0872-4C10-AE75-1D2590B027EF}.Debug|Any CPU.ActiveCfg = Debug|Any CPU
		{62493CA0-0872-4C10-AE75-1D2590B027EF}.Debug|Any CPU.Build.0 = Debug|Any CPU
		{62493CA0-0872-4C10-AE75-1D2590B027EF}.Debug|x64.ActiveCfg = Debug|Any CPU
		{62493CA0-0872-4C10-AE75-1D2590B027EF}.Debug|x64.Build.0 = Debug|Any CPU
		{62493CA0-0872-4C10-AE75-1D2590B027EF}.Debug|x86.ActiveCfg = Debug|Any CPU
		{62493CA0-0872-4C10-AE75-1D2590B027EF}.Debug|x86.Build.0 = Debug|Any CPU
		{62493CA0-0872-4C10-AE75-1D2590B027EF}.Release|Any CPU.ActiveCfg = Release|Any CPU
		{62493CA0-0872-4C10-AE75-1D2590B027EF}.Release|Any CPU.Build.0 = Release|Any CPU
		{62493CA0-0872-4C10-AE75-1D2590B027EF}.Release|x64.ActiveCfg = Release|Any CPU
		{62493CA0-0872-4C10-AE75-1D2590B027EF}.Release|x64.Build.0 = Release|Any CPU
		{62493CA0-0872-4C10-AE75-1D2590B027EF}.Release|x86.ActiveCfg = Release|Any CPU
		{62493CA0-0872-4C10-AE75-1D2590B027EF}.Release|x86.Build.0 = Release|Any CPU
		{2174B90F-1AD4-458D-AF9F-93FE5EF77184}.Debug|Any CPU.ActiveCfg = Debug|Any CPU
		{2174B90F-1AD4-458D-AF9F-93FE5EF77184}.Debug|Any CPU.Build.0 = Debug|Any CPU
		{2174B90F-1AD4-458D-AF9F-93FE5EF77184}.Debug|x64.ActiveCfg = Debug|Any CPU
		{2174B90F-1AD4-458D-AF9F-93FE5EF77184}.Debug|x64.Build.0 = Debug|Any CPU
		{2174B90F-1AD4-458D-AF9F-93FE5EF77184}.Debug|x86.ActiveCfg = Debug|Any CPU
		{2174B90F-1AD4-458D-AF9F-93FE5EF77184}.Debug|x86.Build.0 = Debug|Any CPU
		{2174B90F-1AD4-458D-AF9F-93FE5EF77184}.Release|Any CPU.ActiveCfg = Release|Any CPU
		{2174B90F-1AD4-458D-AF9F-93FE5EF77184}.Release|Any CPU.Build.0 = Release|Any CPU
		{2174B90F-1AD4-458D-AF9F-93FE5EF77184}.Release|x64.ActiveCfg = Release|Any CPU
		{2174B90F-1AD4-458D-AF9F-93FE5EF77184}.Release|x64.Build.0 = Release|Any CPU
		{2174B90F-1AD4-458D-AF9F-93FE5EF77184}.Release|x86.ActiveCfg = Release|Any CPU
		{2174B90F-1AD4-458D-AF9F-93FE5EF77184}.Release|x86.Build.0 = Release|Any CPU
		{A56F0F1A-D4F5-43B3-8685-C0E5677AFA37}.Debug|Any CPU.ActiveCfg = Debug|Any CPU
		{A56F0F1A-D4F5-43B3-8685-C0E5677AFA37}.Debug|Any CPU.Build.0 = Debug|Any CPU
		{A56F0F1A-D4F5-43B3-8685-C0E5677AFA37}.Debug|x64.ActiveCfg = Debug|Any CPU
		{A56F0F1A-D4F5-43B3-8685-C0E5677AFA37}.Debug|x64.Build.0 = Debug|Any CPU
		{A56F0F1A-D4F5-43B3-8685-C0E5677AFA37}.Debug|x86.ActiveCfg = Debug|Any CPU
		{A56F0F1A-D4F5-43B3-8685-C0E5677AFA37}.Debug|x86.Build.0 = Debug|Any CPU
		{A56F0F1A-D4F5-43B3-8685-C0E5677AFA37}.Release|Any CPU.ActiveCfg = Release|Any CPU
		{A56F0F1A-D4F5-43B3-8685-C0E5677AFA37}.Release|Any CPU.Build.0 = Release|Any CPU
		{A56F0F1A-D4F5-43B3-8685-C0E5677AFA37}.Release|x64.ActiveCfg = Release|Any CPU
		{A56F0F1A-D4F5-43B3-8685-C0E5677AFA37}.Release|x64.Build.0 = Release|Any CPU
		{A56F0F1A-D4F5-43B3-8685-C0E5677AFA37}.Release|x86.ActiveCfg = Release|Any CPU
		{A56F0F1A-D4F5-43B3-8685-C0E5677AFA37}.Release|x86.Build.0 = Release|Any CPU
	EndGlobalSection
	GlobalSection(NestedProjects) = preSolution
	EndGlobalSection
EndGlobal
