
Microsoft Visual Studio Solution File, Format Version 12.00
# Visual Studio Version 17
VisualStudioVersion = 17.0.31903.59
MinimumVisualStudioVersion = 10.0.40219.1
Project("{FAE04EC0-301F-11D3-BF4B-00C04F79EFBC}") = "IdentityServerHost", "IdentityServerHost\IdentityServerHost.csproj", "{B58FA968-EAC9-43C5-9141-AB12723342D2}"
EndProject
Project("{FAE04EC0-301F-11D3-BF4B-00C04F79EFBC}") = "Client", "Client\Client.csproj", "{3F5D6086-3D84-43BE-9AB4-622D532D7CFC}"
EndProject
Project("{FAE04EC0-301F-11D3-BF4B-00C04F79EFBC}") = "Api", "Api\Api.csproj", "{347AF76B-AB20-4EFB-A988-73103E3B931E}"
EndProject
Global
	GlobalSection(SolutionConfigurationPlatforms) = preSolution
		Debug|Any CPU = Debug|Any CPU
		Release|Any CPU = Release|Any CPU
	EndGlobalSection
	GlobalSection(SolutionProperties) = preSolution
		HideSolutionNode = FALSE
	EndGlobalSection
	GlobalSection(ProjectConfigurationPlatforms) = postSolution
		{B58FA968-EAC9-43C5-9141-AB12723342D2}.Debug|Any CPU.ActiveCfg = Debug|Any CPU
		{B58FA968-EAC9-43C5-9141-AB12723342D2}.Debug|Any CPU.Build.0 = Debug|Any CPU
		{B58FA968-EAC9-43C5-9141-AB12723342D2}.Release|Any CPU.ActiveCfg = Release|Any CPU
		{B58FA968-EAC9-43C5-9141-AB12723342D2}.Release|Any CPU.Build.0 = Release|Any CPU
		{3F5D6086-3D84-43BE-9AB4-622D532D7CFC}.Debug|Any CPU.ActiveCfg = Debug|Any CPU
		{3F5D6086-3D84-43BE-9AB4-622D532D7CFC}.Debug|Any CPU.Build.0 = Debug|Any CPU
		{3F5D6086-3D84-43BE-9AB4-622D532D7CFC}.Release|Any CPU.ActiveCfg = Release|Any CPU
		{3F5D6086-3D84-43BE-9AB4-622D532D7CFC}.Release|Any CPU.Build.0 = Release|Any CPU
		{347AF76B-AB20-4EFB-A988-73103E3B931E}.Debug|Any CPU.ActiveCfg = Debug|Any CPU
		{347AF76B-AB20-4EFB-A988-73103E3B931E}.Debug|Any CPU.Build.0 = Debug|Any CPU
		{347AF76B-AB20-4EFB-A988-73103E3B931E}.Release|Any CPU.ActiveCfg = Release|Any CPU
		{347AF76B-AB20-4EFB-A988-73103E3B931E}.Release|Any CPU.Build.0 = Release|Any CPU
	EndGlobalSection
EndGlobal
