
Microsoft Visual Studio Solution File, Format Version 12.00
# Visual Studio Version 17
VisualStudioVersion = 17.5.002.0
MinimumVisualStudioVersion = 10.0.40219.1
Project("{9A19103F-16F7-4668-BE54-9A1E7A4F7556}") = "Api", "Api\Api.csproj", "{3A09A04B-4551-4960-83A0-3FC2DD1EA74E}"
EndProject
Project("{9A19103F-16F7-4668-BE54-9A1E7A4F7556}") = "Client", "Client\Client.csproj", "{C26A6B56-D1A7-4386-921B-EAF5795E0FE6}"
EndProject
Project("{9A19103F-16F7-4668-BE54-9A1E7A4F7556}") = "IdentityServer", "IdentityServer\IdentityServer.csproj", "{408D4251-6C1B-4FF0-8C99-E74D3AE2615A}"
EndProject
Global
	GlobalSection(SolutionConfigurationPlatforms) = preSolution
		Debug|Any CPU = Debug|Any CPU
		Release|Any CPU = Release|Any CPU
	EndGlobalSection
	GlobalSection(ProjectConfigurationPlatforms) = postSolution
		{3A09A04B-4551-4960-83A0-3FC2DD1EA74E}.Debug|Any CPU.ActiveCfg = Debug|Any CPU
		{3A09A04B-4551-4960-83A0-3FC2DD1EA74E}.Debug|Any CPU.Build.0 = Debug|Any CPU
		{3A09A04B-4551-4960-83A0-3FC2DD1EA74E}.Release|Any CPU.ActiveCfg = Release|Any CPU
		{3A09A04B-4551-4960-83A0-3FC2DD1EA74E}.Release|Any CPU.Build.0 = Release|Any CPU
		{C26A6B56-D1A7-4386-921B-EAF5795E0FE6}.Debug|Any CPU.ActiveCfg = Debug|Any CPU
		{C26A6B56-D1A7-4386-921B-EAF5795E0FE6}.Debug|Any CPU.Build.0 = Debug|Any CPU
		{C26A6B56-D1A7-4386-921B-EAF5795E0FE6}.Release|Any CPU.ActiveCfg = Release|Any CPU
		{C26A6B56-D1A7-4386-921B-EAF5795E0FE6}.Release|Any CPU.Build.0 = Release|Any CPU
		{408D4251-6C1B-4FF0-8C99-E74D3AE2615A}.Debug|Any CPU.ActiveCfg = Debug|Any CPU
		{408D4251-6C1B-4FF0-8C99-E74D3AE2615A}.Debug|Any CPU.Build.0 = Debug|Any CPU
		{408D4251-6C1B-4FF0-8C99-E74D3AE2615A}.Release|Any CPU.ActiveCfg = Release|Any CPU
		{408D4251-6C1B-4FF0-8C99-E74D3AE2615A}.Release|Any CPU.Build.0 = Release|Any CPU
	EndGlobalSection
	GlobalSection(SolutionProperties) = preSolution
		HideSolutionNode = FALSE
	EndGlobalSection
	GlobalSection(ExtensibilityGlobals) = postSolution
		SolutionGuid = {01BFA590-5781-499A-BE90-A920CA567CCE}
	EndGlobalSection
EndGlobal
