
Microsoft Visual Studio Solution File, Format Version 12.00
# Visual Studio Version 16
VisualStudioVersion = 16.0.30717.126
MinimumVisualStudioVersion = 10.0.40219.1
Project("{FAE04EC0-301F-11D3-BF4B-00C04F79EFBC}") = "Blazor.Server", "Blazor\Server\Blazor.Server.csproj", "{AF82A2A2-8473-45DD-A31A-91456F3949CD}"
EndProject
Project("{FAE04EC0-301F-11D3-BF4B-00C04F79EFBC}") = "Blazor.Client", "Blazor\Client\Blazor.Client.csproj", "{ED8C6F99-B959-4C70-A848-711512D5FAE2}"
EndProject
Project("{FAE04EC0-301F-11D3-BF4B-00C04F79EFBC}") = "Blazor.Shared", "Blazor\Shared\Blazor.Shared.csproj", "{63A4AE55-08CC-47FD-B288-8D6018CF8005}"
EndProject
Global
	GlobalSection(SolutionConfigurationPlatforms) = preSolution
		Debug|Any CPU = Debug|Any CPU
		Release|Any CPU = Release|Any CPU
	EndGlobalSection
	GlobalSection(ProjectConfigurationPlatforms) = postSolution
		{AF82A2A2-8473-45DD-A31A-91456F3949CD}.Debug|Any CPU.ActiveCfg = Debug|Any CPU
		{AF82A2A2-8473-45DD-A31A-91456F3949CD}.Debug|Any CPU.Build.0 = Debug|Any CPU
		{AF82A2A2-8473-45DD-A31A-91456F3949CD}.Release|Any CPU.ActiveCfg = Release|Any CPU
		{AF82A2A2-8473-45DD-A31A-91456F3949CD}.Release|Any CPU.Build.0 = Release|Any CPU
		{ED8C6F99-B959-4C70-A848-711512D5FAE2}.Debug|Any CPU.ActiveCfg = Debug|Any CPU
		{ED8C6F99-B959-4C70-A848-711512D5FAE2}.Debug|Any CPU.Build.0 = Debug|Any CPU
		{ED8C6F99-B959-4C70-A848-711512D5FAE2}.Release|Any CPU.ActiveCfg = Release|Any CPU
		{ED8C6F99-B959-4C70-A848-711512D5FAE2}.Release|Any CPU.Build.0 = Release|Any CPU
		{63A4AE55-08CC-47FD-B288-8D6018CF8005}.Debug|Any CPU.ActiveCfg = Debug|Any CPU
		{63A4AE55-08CC-47FD-B288-8D6018CF8005}.Debug|Any CPU.Build.0 = Debug|Any CPU
		{63A4AE55-08CC-47FD-B288-8D6018CF8005}.Release|Any CPU.ActiveCfg = Release|Any CPU
		{63A4AE55-08CC-47FD-B288-8D6018CF8005}.Release|Any CPU.Build.0 = Release|Any CPU
	EndGlobalSection
	GlobalSection(SolutionProperties) = preSolution
		HideSolutionNode = FALSE
	EndGlobalSection
	GlobalSection(ExtensibilityGlobals) = postSolution
		SolutionGuid = {B4CC3C34-C4D4-493E-BCDA-343D97F3B257}
	EndGlobalSection
EndGlobal
