
Microsoft Visual Studio Solution File, Format Version 12.00
# Visual Studio Version 17
VisualStudioVersion = 17.0.31903.59
MinimumVisualStudioVersion = 10.0.40219.1
Project("{9A19103F-16F7-4668-BE54-9A1E7A4F7556}") = "Client", "src\Client.csproj", "{8A7B3FC1-BD45-4679-A3D9-FE2E06F783CF}"
EndProject
Project("{FAE04EC0-301F-11D3-BF4B-00C04F79EFBC}") = "SimpleApi", "..\..\Apis\SimpleApi\SimpleApi.csproj", "{44F9FF5C-87F4-4CB9-8175-4E3D39328702}"
EndProject
Project("{FAE04EC0-301F-11D3-BF4B-00C04F79EFBC}") = "IdentityServerHost", "..\..\IdentityServerHost\src\IdentityServerHost.csproj", "{FBD7DB82-BFB4-46BB-89C1-31F40939D922}"
EndProject
Global
	GlobalSection(SolutionConfigurationPlatforms) = preSolution
		Debug|Any CPU = Debug|Any CPU
		Release|Any CPU = Release|Any CPU
	EndGlobalSection
	GlobalSection(ProjectConfigurationPlatforms) = postSolution
		{8A7B3FC1-BD45-4679-A3D9-FE2E06F783CF}.Debug|Any CPU.ActiveCfg = Debug|Any CPU
		{8A7B3FC1-BD45-4679-A3D9-FE2E06F783CF}.Debug|Any CPU.Build.0 = Debug|Any CPU
		{8A7B3FC1-BD45-4679-A3D9-FE2E06F783CF}.Release|Any CPU.ActiveCfg = Release|Any CPU
		{8A7B3FC1-BD45-4679-A3D9-FE2E06F783CF}.Release|Any CPU.Build.0 = Release|Any CPU
		{44F9FF5C-87F4-4CB9-8175-4E3D39328702}.Debug|Any CPU.ActiveCfg = Debug|Any CPU
		{44F9FF5C-87F4-4CB9-8175-4E3D39328702}.Debug|Any CPU.Build.0 = Debug|Any CPU
		{44F9FF5C-87F4-4CB9-8175-4E3D39328702}.Release|Any CPU.ActiveCfg = Release|Any CPU
		{44F9FF5C-87F4-4CB9-8175-4E3D39328702}.Release|Any CPU.Build.0 = Release|Any CPU
		{FBD7DB82-BFB4-46BB-89C1-31F40939D922}.Debug|Any CPU.ActiveCfg = Debug|Any CPU
		{FBD7DB82-BFB4-46BB-89C1-31F40939D922}.Debug|Any CPU.Build.0 = Debug|Any CPU
		{FBD7DB82-BFB4-46BB-89C1-31F40939D922}.Release|Any CPU.ActiveCfg = Release|Any CPU
		{FBD7DB82-BFB4-46BB-89C1-31F40939D922}.Release|Any CPU.Build.0 = Release|Any CPU
	EndGlobalSection
	GlobalSection(SolutionProperties) = preSolution
		HideSolutionNode = FALSE
	EndGlobalSection
EndGlobal
