
Microsoft Visual Studio Solution File, Format Version 12.00
# Visual Studio Version 17
VisualStudioVersion = 17.0.31903.59
MinimumVisualStudioVersion = 10.0.40219.1
Project("{9A19103F-16F7-4668-BE54-9A1E7A4F7556}") = "Client", "src\Client.csproj", "{8A7B3FC1-BD45-4679-A3D9-FE2E06F783CF}"
EndProject
Project("{9A19103F-16F7-4668-BE54-9A1E7A4F7556}") = "IdentityServerHost", "..\IdentityServer\src\IdentityServerHost.csproj", "{5F6BD9CA-DC99-4085-88E3-7FDF8D60903E}"
EndProject
Project("{9A19103F-16F7-4668-BE54-9A1E7A4F7556}") = "SimpleApi", "..\Apis\SimpleApi\SimpleApi.csproj", "{48D8CF98-12BF-4700-8727-61996C498A0A}"
EndProject
Global
	GlobalSection(SolutionConfigurationPlatforms) = preSolution
		Debug|Any CPU = Debug|Any CPU
		Release|Any CPU = Release|Any CPU
	EndGlobalSection
	GlobalSection(ProjectConfigurationPlatforms) = postSolution
		{8A7B3FC1-BD45-4679-A3D9-FE2E06F783CF}.Debug|Any CPU.ActiveCfg = Debug|Any CPU
		{8A7B3FC1-BD45-4679-A3D9-FE2E06F783CF}.Debug|Any CPU.Build.0 = Debug|Any CPU
		{8A7B3FC1-BD45-4679-A3D9-FE2E06F783CF}.Release|Any CPU.ActiveCfg = Release|Any CPU
		{8A7B3FC1-BD45-4679-A3D9-FE2E06F783CF}.Release|Any CPU.Build.0 = Release|Any CPU
		{5F6BD9CA-DC99-4085-88E3-7FDF8D60903E}.Debug|Any CPU.ActiveCfg = Debug|Any CPU
		{5F6BD9CA-DC99-4085-88E3-7FDF8D60903E}.Debug|Any CPU.Build.0 = Debug|Any CPU
		{5F6BD9CA-DC99-4085-88E3-7FDF8D60903E}.Release|Any CPU.ActiveCfg = Release|Any CPU
		{5F6BD9CA-DC99-4085-88E3-7FDF8D60903E}.Release|Any CPU.Build.0 = Release|Any CPU
		{48D8CF98-12BF-4700-8727-61996C498A0A}.Debug|Any CPU.ActiveCfg = Debug|Any CPU
		{48D8CF98-12BF-4700-8727-61996C498A0A}.Debug|Any CPU.Build.0 = Debug|Any CPU
		{48D8CF98-12BF-4700-8727-61996C498A0A}.Release|Any CPU.ActiveCfg = Release|Any CPU
		{48D8CF98-12BF-4700-8727-61996C498A0A}.Release|Any CPU.Build.0 = Release|Any CPU
	EndGlobalSection
	GlobalSection(SolutionProperties) = preSolution
		HideSolutionNode = FALSE
	EndGlobalSection
EndGlobal
