
Microsoft Visual Studio Solution File, Format Version 12.00
# Visual Studio Version 16
VisualStudioVersion = 16.0.30717.126
MinimumVisualStudioVersion = 15.0.26124.0
Project("{9A19103F-16F7-4668-BE54-9A1E7A4F7556}") = "IdentityServer", "src\IdentityServer\IdentityServer.csproj", "{391FDE19-D829-4868-9221-B64358475C48}"
EndProject
Project("{9A19103F-16F7-4668-BE54-9A1E7A4F7556}") = "Client", "src\Client\Client.csproj", "{93B5DD40-6D86-4E99-AA89-CBB41F70E40F}"
EndProject
Global
	GlobalSection(SolutionConfigurationPlatforms) = preSolution
		Debug|Any CPU = Debug|Any CPU
		Debug|x64 = Debug|x64
		Debug|x86 = Debug|x86
		Release|Any CPU = Release|Any CPU
		Release|x64 = Release|x64
		Release|x86 = Release|x86
	EndGlobalSection
	GlobalSection(ProjectConfigurationPlatforms) = postSolution
		{391FDE19-D829-4868-9221-B64358475C48}.Debug|Any CPU.ActiveCfg = Debug|Any CPU
		{391FDE19-D829-4868-9221-B64358475C48}.Debug|Any CPU.Build.0 = Debug|Any CPU
		{391FDE19-D829-4868-9221-B64358475C48}.Debug|x64.ActiveCfg = Debug|Any CPU
		{391FDE19-D829-4868-9221-B64358475C48}.Debug|x64.Build.0 = Debug|Any CPU
		{391FDE19-D829-4868-9221-B64358475C48}.Debug|x86.ActiveCfg = Debug|Any CPU
		{391FDE19-D829-4868-9221-B64358475C48}.Debug|x86.Build.0 = Debug|Any CPU
		{391FDE19-D829-4868-9221-B64358475C48}.Release|Any CPU.ActiveCfg = Release|Any CPU
		{391FDE19-D829-4868-9221-B64358475C48}.Release|Any CPU.Build.0 = Release|Any CPU
		{391FDE19-D829-4868-9221-B64358475C48}.Release|x64.ActiveCfg = Release|Any CPU
		{391FDE19-D829-4868-9221-B64358475C48}.Release|x64.Build.0 = Release|Any CPU
		{391FDE19-D829-4868-9221-B64358475C48}.Release|x86.ActiveCfg = Release|Any CPU
		{391FDE19-D829-4868-9221-B64358475C48}.Release|x86.Build.0 = Release|Any CPU
		{93B5DD40-6D86-4E99-AA89-CBB41F70E40F}.Debug|Any CPU.ActiveCfg = Debug|Any CPU
		{93B5DD40-6D86-4E99-AA89-CBB41F70E40F}.Debug|Any CPU.Build.0 = Debug|Any CPU
		{93B5DD40-6D86-4E99-AA89-CBB41F70E40F}.Debug|x64.ActiveCfg = Debug|Any CPU
		{93B5DD40-6D86-4E99-AA89-CBB41F70E40F}.Debug|x64.Build.0 = Debug|Any CPU
		{93B5DD40-6D86-4E99-AA89-CBB41F70E40F}.Debug|x86.ActiveCfg = Debug|Any CPU
		{93B5DD40-6D86-4E99-AA89-CBB41F70E40F}.Debug|x86.Build.0 = Debug|Any CPU
		{93B5DD40-6D86-4E99-AA89-CBB41F70E40F}.Release|Any CPU.ActiveCfg = Release|Any CPU
		{93B5DD40-6D86-4E99-AA89-CBB41F70E40F}.Release|Any CPU.Build.0 = Release|Any CPU
		{93B5DD40-6D86-4E99-AA89-CBB41F70E40F}.Release|x64.ActiveCfg = Release|Any CPU
		{93B5DD40-6D86-4E99-AA89-CBB41F70E40F}.Release|x64.Build.0 = Release|Any CPU
		{93B5DD40-6D86-4E99-AA89-CBB41F70E40F}.Release|x86.ActiveCfg = Release|Any CPU
		{93B5DD40-6D86-4E99-AA89-CBB41F70E40F}.Release|x86.Build.0 = Release|Any CPU
	EndGlobalSection
	GlobalSection(SolutionProperties) = preSolution
		HideSolutionNode = FALSE
	EndGlobalSection
	GlobalSection(ExtensibilityGlobals) = postSolution
		SolutionGuid = {742C6933-E402-48BD-B849-B62E9630A9EC}
	EndGlobalSection
EndGlobal
