
Microsoft Visual Studio Solution File, Format Version 12.00
# Visual Studio Version 16
VisualStudioVersion = 16.0.31129.286
MinimumVisualStudioVersion = 10.0.40219.1
Project("{9A19103F-16F7-4668-BE54-9A1E7A4F7556}") = "IdentityServerAspNetIdentity", "IdentityServerAspNetIdentity\IdentityServerAspNetIdentity.csproj", "{63958B15-1C5B-4A95-90F9-D23B30D7225D}"
EndProject
Project("{9A19103F-16F7-4668-BE54-9A1E7A4F7556}") = "Client", "Client\Client.csproj", "{88433EF3-2866-4164-8CEC-A0D2E6A24A27}"
EndProject
Project("{FAE04EC0-301F-11D3-BF4B-00C04F79EFBC}") = "AspNetIdentity.AppHost", "AspNetIdentity.AppHost\AspNetIdentity.AppHost.csproj", "{4A545547-D8E5-430B-A5F2-D2922C15476C}"
EndProject
Project("{FAE04EC0-301F-11D3-BF4B-00C04F79EFBC}") = "Aspire.ServiceDefaults", "..\Aspire.ServiceDefaults\Aspire.ServiceDefaults.csproj", "{A5501B80-5236-4589-8BB3-F6EB87FB2A18}"
EndProject
Global
	GlobalSection(SolutionConfigurationPlatforms) = preSolution
		Debug|Any CPU = Debug|Any CPU
		Debug|x64 = Debug|x64
		Debug|x86 = Debug|x86
		Release|Any CPU = Release|Any CPU
		Release|x64 = Release|x64
		Release|x86 = Release|x86
	EndGlobalSection
	GlobalSection(ProjectConfigurationPlatforms) = postSolution
		{63958B15-1C5B-4A95-90F9-D23B30D7225D}.Debug|Any CPU.ActiveCfg = Debug|Any CPU
		{63958B15-1C5B-4A95-90F9-D23B30D7225D}.Debug|Any CPU.Build.0 = Debug|Any CPU
		{63958B15-1C5B-4A95-90F9-D23B30D7225D}.Debug|x64.ActiveCfg = Debug|Any CPU
		{63958B15-1C5B-4A95-90F9-D23B30D7225D}.Debug|x64.Build.0 = Debug|Any CPU
		{63958B15-1C5B-4A95-90F9-D23B30D7225D}.Debug|x86.ActiveCfg = Debug|Any CPU
		{63958B15-1C5B-4A95-90F9-D23B30D7225D}.Debug|x86.Build.0 = Debug|Any CPU
		{63958B15-1C5B-4A95-90F9-D23B30D7225D}.Release|Any CPU.ActiveCfg = Release|Any CPU
		{63958B15-1C5B-4A95-90F9-D23B30D7225D}.Release|Any CPU.Build.0 = Release|Any CPU
		{63958B15-1C5B-4A95-90F9-D23B30D7225D}.Release|x64.ActiveCfg = Release|Any CPU
		{63958B15-1C5B-4A95-90F9-D23B30D7225D}.Release|x64.Build.0 = Release|Any CPU
		{63958B15-1C5B-4A95-90F9-D23B30D7225D}.Release|x86.ActiveCfg = Release|Any CPU
		{63958B15-1C5B-4A95-90F9-D23B30D7225D}.Release|x86.Build.0 = Release|Any CPU
		{88433EF3-2866-4164-8CEC-A0D2E6A24A27}.Debug|Any CPU.ActiveCfg = Debug|Any CPU
		{88433EF3-2866-4164-8CEC-A0D2E6A24A27}.Debug|Any CPU.Build.0 = Debug|Any CPU
		{88433EF3-2866-4164-8CEC-A0D2E6A24A27}.Debug|x64.ActiveCfg = Debug|Any CPU
		{88433EF3-2866-4164-8CEC-A0D2E6A24A27}.Debug|x64.Build.0 = Debug|Any CPU
		{88433EF3-2866-4164-8CEC-A0D2E6A24A27}.Debug|x86.ActiveCfg = Debug|Any CPU
		{88433EF3-2866-4164-8CEC-A0D2E6A24A27}.Debug|x86.Build.0 = Debug|Any CPU
		{88433EF3-2866-4164-8CEC-A0D2E6A24A27}.Release|Any CPU.ActiveCfg = Release|Any CPU
		{88433EF3-2866-4164-8CEC-A0D2E6A24A27}.Release|Any CPU.Build.0 = Release|Any CPU
		{88433EF3-2866-4164-8CEC-A0D2E6A24A27}.Release|x64.ActiveCfg = Release|Any CPU
		{88433EF3-2866-4164-8CEC-A0D2E6A24A27}.Release|x64.Build.0 = Release|Any CPU
		{88433EF3-2866-4164-8CEC-A0D2E6A24A27}.Release|x86.ActiveCfg = Release|Any CPU
		{88433EF3-2866-4164-8CEC-A0D2E6A24A27}.Release|x86.Build.0 = Release|Any CPU
		{4A545547-D8E5-430B-A5F2-D2922C15476C}.Debug|Any CPU.ActiveCfg = Debug|Any CPU
		{4A545547-D8E5-430B-A5F2-D2922C15476C}.Debug|Any CPU.Build.0 = Debug|Any CPU
		{4A545547-D8E5-430B-A5F2-D2922C15476C}.Debug|x64.ActiveCfg = Debug|Any CPU
		{4A545547-D8E5-430B-A5F2-D2922C15476C}.Debug|x64.Build.0 = Debug|Any CPU
		{4A545547-D8E5-430B-A5F2-D2922C15476C}.Debug|x86.ActiveCfg = Debug|Any CPU
		{4A545547-D8E5-430B-A5F2-D2922C15476C}.Debug|x86.Build.0 = Debug|Any CPU
		{4A545547-D8E5-430B-A5F2-D2922C15476C}.Release|Any CPU.ActiveCfg = Release|Any CPU
		{4A545547-D8E5-430B-A5F2-D2922C15476C}.Release|Any CPU.Build.0 = Release|Any CPU
		{4A545547-D8E5-430B-A5F2-D2922C15476C}.Release|x64.ActiveCfg = Release|Any CPU
		{4A545547-D8E5-430B-A5F2-D2922C15476C}.Release|x64.Build.0 = Release|Any CPU
		{4A545547-D8E5-430B-A5F2-D2922C15476C}.Release|x86.ActiveCfg = Release|Any CPU
		{4A545547-D8E5-430B-A5F2-D2922C15476C}.Release|x86.Build.0 = Release|Any CPU
		{A5501B80-5236-4589-8BB3-F6EB87FB2A18}.Debug|Any CPU.ActiveCfg = Debug|Any CPU
		{A5501B80-5236-4589-8BB3-F6EB87FB2A18}.Debug|Any CPU.Build.0 = Debug|Any CPU
		{A5501B80-5236-4589-8BB3-F6EB87FB2A18}.Debug|x64.ActiveCfg = Debug|Any CPU
		{A5501B80-5236-4589-8BB3-F6EB87FB2A18}.Debug|x64.Build.0 = Debug|Any CPU
		{A5501B80-5236-4589-8BB3-F6EB87FB2A18}.Debug|x86.ActiveCfg = Debug|Any CPU
		{A5501B80-5236-4589-8BB3-F6EB87FB2A18}.Debug|x86.Build.0 = Debug|Any CPU
		{A5501B80-5236-4589-8BB3-F6EB87FB2A18}.Release|Any CPU.ActiveCfg = Release|Any CPU
		{A5501B80-5236-4589-8BB3-F6EB87FB2A18}.Release|Any CPU.Build.0 = Release|Any CPU
		{A5501B80-5236-4589-8BB3-F6EB87FB2A18}.Release|x64.ActiveCfg = Release|Any CPU
		{A5501B80-5236-4589-8BB3-F6EB87FB2A18}.Release|x64.Build.0 = Release|Any CPU
		{A5501B80-5236-4589-8BB3-F6EB87FB2A18}.Release|x86.ActiveCfg = Release|Any CPU
		{A5501B80-5236-4589-8BB3-F6EB87FB2A18}.Release|x86.Build.0 = Release|Any CPU
	EndGlobalSection
	GlobalSection(SolutionProperties) = preSolution
		HideSolutionNode = FALSE
	EndGlobalSection
	GlobalSection(ExtensibilityGlobals) = postSolution
		SolutionGuid = {8D36A4E1-740F-42EA-8903-606BE6459BC3}
	EndGlobalSection
EndGlobal
