
Microsoft Visual Studio Solution File, Format Version 12.00
# Visual Studio Version 17
VisualStudioVersion = 17.0.31903.59
MinimumVisualStudioVersion = 10.0.40219.1
Project("{FAE04EC0-301F-11D3-BF4B-00C04F79EFBC}") = "TokenExchange.Api", "TokenExchange.Api\TokenExchange.Api.csproj", "{8C742FD5-683F-420D-9F3F-F9B9DAFE26AB}"
EndProject
Project("{FAE04EC0-301F-11D3-BF4B-00C04F79EFBC}") = "TokenExchange.Bff", "TokenExchange.Bff\TokenExchange.Bff.csproj", "{09B9BF41-C2F6-4D63-BED7-9D279023FA78}"
EndProject
Project("{FAE04EC0-301F-11D3-BF4B-00C04F79EFBC}") = "TokenExchange.IdentityServer", "TokenExchange.IdentityServer\TokenExchange.IdentityServer.csproj", "{4C1FE53F-D279-4D81-B2AA-EF2AB5419A0F}"
EndProject
Global
	GlobalSection(SolutionConfigurationPlatforms) = preSolution
		Debug|Any CPU = Debug|Any CPU
		Release|Any CPU = Release|Any CPU
	EndGlobalSection
	GlobalSection(SolutionProperties) = preSolution
		HideSolutionNode = FALSE
	EndGlobalSection
	GlobalSection(ProjectConfigurationPlatforms) = postSolution
		{8C742FD5-683F-420D-9F3F-F9B9DAFE26AB}.Debug|Any CPU.ActiveCfg = Debug|Any CPU
		{8C742FD5-683F-420D-9F3F-F9B9DAFE26AB}.Debug|Any CPU.Build.0 = Debug|Any CPU
		{8C742FD5-683F-420D-9F3F-F9B9DAFE26AB}.Release|Any CPU.ActiveCfg = Release|Any CPU
		{8C742FD5-683F-420D-9F3F-F9B9DAFE26AB}.Release|Any CPU.Build.0 = Release|Any CPU
		{09B9BF41-C2F6-4D63-BED7-9D279023FA78}.Debug|Any CPU.ActiveCfg = Debug|Any CPU
		{09B9BF41-C2F6-4D63-BED7-9D279023FA78}.Debug|Any CPU.Build.0 = Debug|Any CPU
		{09B9BF41-C2F6-4D63-BED7-9D279023FA78}.Release|Any CPU.ActiveCfg = Release|Any CPU
		{09B9BF41-C2F6-4D63-BED7-9D279023FA78}.Release|Any CPU.Build.0 = Release|Any CPU
		{4C1FE53F-D279-4D81-B2AA-EF2AB5419A0F}.Debug|Any CPU.ActiveCfg = Debug|Any CPU
		{4C1FE53F-D279-4D81-B2AA-EF2AB5419A0F}.Debug|Any CPU.Build.0 = Debug|Any CPU
		{4C1FE53F-D279-4D81-B2AA-EF2AB5419A0F}.Release|Any CPU.ActiveCfg = Release|Any CPU
		{4C1FE53F-D279-4D81-B2AA-EF2AB5419A0F}.Release|Any CPU.Build.0 = Release|Any CPU
	EndGlobalSection
EndGlobal
