
Microsoft Visual Studio Solution File, Format Version 12.00
# Visual Studio Version 17
VisualStudioVersion = 17.1.32319.34
MinimumVisualStudioVersion = 15.0.26124.0
Project("{9A19103F-16F7-4668-BE54-9A1E7A4F7556}") = "Client", "Client\Client.csproj", "{559CD9B9-3756-41D8-BDC5-1EAC8AAFBF9A}"
EndProject
Project("{9A19103F-16F7-4668-BE54-9A1E7A4F7556}") = "IdentityServerHost", "IdentityServerHost\IdentityServerHost.csproj", "{2880B5FF-9B88-476B-9869-E8A76FE65CB8}"
EndProject
Project("{FAE04EC0-301F-11D3-BF4B-00C04F79EFBC}") = "SessionManagement.AppHost", "SessionManagement.AppHost\SessionManagement.AppHost.csproj", "{B209266E-8692-4EBA-95B5-315C8C3B66B6}"
EndProject
Project("{FAE04EC0-301F-11D3-BF4B-00C04F79EFBC}") = "Aspire.ServiceDefaults", "..\Aspire.ServiceDefaults\Aspire.ServiceDefaults.csproj", "{9B0ECE6E-7F9A-483D-B974-D61D6A0BA88C}"
EndProject
Project("{FAE04EC0-301F-11D3-BF4B-00C04F79EFBC}") = "SimpleApi", "..\Apis\SimpleApi\SimpleApi.csproj", "{B2FEB55A-BFF8-48CD-830E-64AD4D15CBA9}"
EndProject
Global
	GlobalSection(SolutionConfigurationPlatforms) = preSolution
		Debug|Any CPU = Debug|Any CPU
		Release|Any CPU = Release|Any CPU
	EndGlobalSection
	GlobalSection(ProjectConfigurationPlatforms) = postSolution
		{559CD9B9-3756-41D8-BDC5-1EAC8AAFBF9A}.Debug|Any CPU.ActiveCfg = Debug|Any CPU
		{559CD9B9-3756-41D8-BDC5-1EAC8AAFBF9A}.Debug|Any CPU.Build.0 = Debug|Any CPU
		{559CD9B9-3756-41D8-BDC5-1EAC8AAFBF9A}.Release|Any CPU.ActiveCfg = Release|Any CPU
		{559CD9B9-3756-41D8-BDC5-1EAC8AAFBF9A}.Release|Any CPU.Build.0 = Release|Any CPU
		{2880B5FF-9B88-476B-9869-E8A76FE65CB8}.Debug|Any CPU.ActiveCfg = Debug|Any CPU
		{2880B5FF-9B88-476B-9869-E8A76FE65CB8}.Debug|Any CPU.Build.0 = Debug|Any CPU
		{2880B5FF-9B88-476B-9869-E8A76FE65CB8}.Release|Any CPU.ActiveCfg = Release|Any CPU
		{2880B5FF-9B88-476B-9869-E8A76FE65CB8}.Release|Any CPU.Build.0 = Release|Any CPU
		{B209266E-8692-4EBA-95B5-315C8C3B66B6}.Debug|Any CPU.ActiveCfg = Debug|Any CPU
		{B209266E-8692-4EBA-95B5-315C8C3B66B6}.Debug|Any CPU.Build.0 = Debug|Any CPU
		{B209266E-8692-4EBA-95B5-315C8C3B66B6}.Release|Any CPU.ActiveCfg = Release|Any CPU
		{B209266E-8692-4EBA-95B5-315C8C3B66B6}.Release|Any CPU.Build.0 = Release|Any CPU
		{9B0ECE6E-7F9A-483D-B974-D61D6A0BA88C}.Debug|Any CPU.ActiveCfg = Debug|Any CPU
		{9B0ECE6E-7F9A-483D-B974-D61D6A0BA88C}.Debug|Any CPU.Build.0 = Debug|Any CPU
		{9B0ECE6E-7F9A-483D-B974-D61D6A0BA88C}.Release|Any CPU.ActiveCfg = Release|Any CPU
		{9B0ECE6E-7F9A-483D-B974-D61D6A0BA88C}.Release|Any CPU.Build.0 = Release|Any CPU
		{B2FEB55A-BFF8-48CD-830E-64AD4D15CBA9}.Debug|Any CPU.ActiveCfg = Debug|Any CPU
		{B2FEB55A-BFF8-48CD-830E-64AD4D15CBA9}.Debug|Any CPU.Build.0 = Debug|Any CPU
		{B2FEB55A-BFF8-48CD-830E-64AD4D15CBA9}.Release|Any CPU.ActiveCfg = Release|Any CPU
		{B2FEB55A-BFF8-48CD-830E-64AD4D15CBA9}.Release|Any CPU.Build.0 = Release|Any CPU
	EndGlobalSection
	GlobalSection(SolutionProperties) = preSolution
		HideSolutionNode = FALSE
	EndGlobalSection
	GlobalSection(ExtensibilityGlobals) = postSolution
		SolutionGuid = {610EF4D5-30E6-427C-AB71-2DE1E0A99958}
	EndGlobalSection
EndGlobal
