
Microsoft Visual Studio Solution File, Format Version 12.00
# Visual Studio Version 16
VisualStudioVersion = 16.0.31205.134
MinimumVisualStudioVersion = 10.0.40219.1
Project("{9A19103F-16F7-4668-BE54-9A1E7A4F7556}") = "IdentityServerWithSpaLogin", "IdentityServerWithSpaLogin\IdentityServerWithSpaLogin.csproj", "{1C627305-E87E-4AEB-ADEE-D1A6E0BDD0F1}"
EndProject
Project("{9A19103F-16F7-4668-BE54-9A1E7A4F7556}") = "MvcClient", "MvcClient\MvcClient.csproj", "{14EBFBC1-BD4F-4DBA-A8E9-175622591E4E}"
EndProject
Global
	GlobalSection(SolutionConfigurationPlatforms) = preSolution
		Debug|Any CPU = Debug|Any CPU
		Release|Any CPU = Release|Any CPU
	EndGlobalSection
	GlobalSection(ProjectConfigurationPlatforms) = postSolution
		{1C627305-E87E-4AEB-ADEE-D1A6E0BDD0F1}.Debug|Any CPU.ActiveCfg = Debug|Any CPU
		{1C627305-E87E-4AEB-ADEE-D1A6E0BDD0F1}.Debug|Any CPU.Build.0 = Debug|Any CPU
		{1C627305-E87E-4AEB-ADEE-D1A6E0BDD0F1}.Release|Any CPU.ActiveCfg = Release|Any CPU
		{1C627305-E87E-4AEB-ADEE-D1A6E0BDD0F1}.Release|Any CPU.Build.0 = Release|Any CPU
		{14EBFBC1-BD4F-4DBA-A8E9-175622591E4E}.Debug|Any CPU.ActiveCfg = Debug|Any CPU
		{14EBFBC1-BD4F-4DBA-A8E9-175622591E4E}.Debug|Any CPU.Build.0 = Debug|Any CPU
		{14EBFBC1-BD4F-4DBA-A8E9-175622591E4E}.Release|Any CPU.ActiveCfg = Release|Any CPU
		{14EBFBC1-BD4F-4DBA-A8E9-175622591E4E}.Release|Any CPU.Build.0 = Release|Any CPU
	EndGlobalSection
	GlobalSection(SolutionProperties) = preSolution
		HideSolutionNode = FALSE
	EndGlobalSection
	GlobalSection(ExtensibilityGlobals) = postSolution
		SolutionGuid = {B532CCDC-6403-4781-8819-11876D88A0A5}
	EndGlobalSection
EndGlobal
