
Microsoft Visual Studio Solution File, Format Version 12.00
# Visual Studio Version 17
VisualStudioVersion = 17.0.31903.59
MinimumVisualStudioVersion = 10.0.40219.1
Project("{FAE04EC0-301F-11D3-BF4B-00C04F79EFBC}") = "DPoP.Api", "DPoP.Api\DPoP.Api.csproj", "{BE70C059-F307-4F30-B61C-DDA7863E4600}"
EndProject
Project("{FAE04EC0-301F-11D3-BF4B-00C04F79EFBC}") = "DPoP.Bff", "DPoP.Bff\DPoP.Bff.csproj", "{1D52DA36-A51A-4536-BD63-8CEF52589A51}"
EndProject
Global
	GlobalSection(SolutionConfigurationPlatforms) = preSolution
		Debug|Any CPU = Debug|Any CPU
		Release|Any CPU = Release|Any CPU
	EndGlobalSection
	GlobalSection(SolutionProperties) = preSolution
		HideSolutionNode = FALSE
	EndGlobalSection
	GlobalSection(ProjectConfigurationPlatforms) = postSolution
		{BE70C059-F307-4F30-B61C-DDA7863E4600}.Debug|Any CPU.ActiveCfg = Debug|Any CPU
		{BE70C059-F307-4F30-B61C-DDA7863E4600}.Debug|Any CPU.Build.0 = Debug|Any CPU
		{BE70C059-F307-4F30-B61C-DDA7863E4600}.Release|Any CPU.ActiveCfg = Release|Any CPU
		{BE70C059-F307-4F30-B61C-DDA7863E4600}.Release|Any CPU.Build.0 = Release|Any CPU
		{1D52DA36-A51A-4536-BD63-8CEF52589A51}.Debug|Any CPU.ActiveCfg = Debug|Any CPU
		{1D52DA36-A51A-4536-BD63-8CEF52589A51}.Debug|Any CPU.Build.0 = Debug|Any CPU
		{1D52DA36-A51A-4536-BD63-8CEF52589A51}.Release|Any CPU.ActiveCfg = Release|Any CPU
		{1D52DA36-A51A-4536-BD63-8CEF52589A51}.Release|Any CPU.Build.0 = Release|Any CPU
	EndGlobalSection
EndGlobal
