
Microsoft Visual Studio Solution File, Format Version 12.00
# Visual Studio Version 16
VisualStudioVersion = 16.0.31613.86
MinimumVisualStudioVersion = 15.0.26124.0
Project("{9A19103F-16F7-4668-BE54-9A1E7A4F7556}") = "Client", "src\Client.csproj", "{62493CA0-0872-4C10-AE75-1D2590B027EF}"
EndProject
Global
	GlobalSection(SolutionConfigurationPlatforms) = preSolution
		Debug|Any CPU = Debug|Any CPU
		Debug|x64 = Debug|x64
		Debug|x86 = Debug|x86
		Release|Any CPU = Release|Any CPU
		Release|x64 = Release|x64
		Release|x86 = Release|x86
	EndGlobalSection
	GlobalSection(ProjectConfigurationPlatforms) = postSolution
		{62493CA0-0872-4C10-AE75-1D2590B027EF}.Debug|Any CPU.ActiveCfg = Debug|Any CPU
		{62493CA0-0872-4C10-AE75-1D2590B027EF}.Debug|Any CPU.Build.0 = Debug|Any CPU
		{62493CA0-0872-4C10-AE75-1D2590B027EF}.Debug|x64.ActiveCfg = Debug|Any CPU
		{62493CA0-0872-4C10-AE75-1D2590B027EF}.Debug|x64.Build.0 = Debug|Any CPU
		{62493CA0-0872-4C10-AE75-1D2590B027EF}.Debug|x86.ActiveCfg = Debug|Any CPU
		{62493CA0-0872-4C10-AE75-1D2590B027EF}.Debug|x86.Build.0 = Debug|Any CPU
		{62493CA0-0872-4C10-AE75-1D2590B027EF}.Release|Any CPU.ActiveCfg = Release|Any CPU
		{62493CA0-0872-4C10-AE75-1D2590B027EF}.Release|Any CPU.Build.0 = Release|Any CPU
		{62493CA0-0872-4C10-AE75-1D2590B027EF}.Release|x64.ActiveCfg = Release|Any CPU
		{62493CA0-0872-4C10-AE75-1D2590B027EF}.Release|x64.Build.0 = Release|Any CPU
		{62493CA0-0872-4C10-AE75-1D2590B027EF}.Release|x86.ActiveCfg = Release|Any CPU
		{62493CA0-0872-4C10-AE75-1D2590B027EF}.Release|x86.Build.0 = Release|Any CPU
	EndGlobalSection
	GlobalSection(SolutionProperties) = preSolution
		HideSolutionNode = FALSE
	EndGlobalSection
	GlobalSection(ExtensibilityGlobals) = postSolution
		SolutionGuid = {BF70A660-8935-497D-A120-EF10B30DB132}
	EndGlobalSection
EndGlobal
