
Microsoft Visual Studio Solution File, Format Version 12.00
# Visual Studio 15
VisualStudioVersion = 15.0.26124.0
MinimumVisualStudioVersion = 15.0.26124.0
Project("{FAE04EC0-301F-11D3-BF4B-00C04F79EFBC}") = "IdentityServerHost", "..\IdentityServer\src\IdentityServerHost.csproj", "{40EC0D82-FE0F-4F38-AB58-C25B0FC0102F}"
EndProject
Project("{FAE04EC0-301F-11D3-BF4B-00C04F79EFBC}") = "SimpleApi", "..\Apis\SimpleApi\SimpleApi.csproj", "{12E10AE2-85D2-4110-8C33-4F2CFC849BF2}"
EndProject
Project("{FAE04EC0-301F-11D3-BF4B-00C04F79EFBC}") = "Client", "src\Client.csproj", "{62493CA0-0872-4C10-AE75-1D2590B027EF}"
EndProject
Global
	GlobalSection(SolutionConfigurationPlatforms) = preSolution
		Debug|Any CPU = Debug|Any CPU
		Debug|x64 = Debug|x64
		Debug|x86 = Debug|x86
		Release|Any CPU = Release|Any CPU
		Release|x64 = Release|x64
		Release|x86 = Release|x86
	EndGlobalSection
	GlobalSection(SolutionProperties) = preSolution
		HideSolutionNode = FALSE
	EndGlobalSection
	GlobalSection(ProjectConfigurationPlatforms) = postSolution
		{40EC0D82-FE0F-4F38-AB58-C25B0FC0102F}.Debug|Any CPU.ActiveCfg = Debug|Any CPU
		{40EC0D82-FE0F-4F38-AB58-C25B0FC0102F}.Debug|Any CPU.Build.0 = Debug|Any CPU
		{40EC0D82-FE0F-4F38-AB58-C25B0FC0102F}.Debug|x64.ActiveCfg = Debug|Any CPU
		{40EC0D82-FE0F-4F38-AB58-C25B0FC0102F}.Debug|x64.Build.0 = Debug|Any CPU
		{40EC0D82-FE0F-4F38-AB58-C25B0FC0102F}.Debug|x86.ActiveCfg = Debug|Any CPU
		{40EC0D82-FE0F-4F38-AB58-C25B0FC0102F}.Debug|x86.Build.0 = Debug|Any CPU
		{40EC0D82-FE0F-4F38-AB58-C25B0FC0102F}.Release|Any CPU.ActiveCfg = Release|Any CPU
		{40EC0D82-FE0F-4F38-AB58-C25B0FC0102F}.Release|Any CPU.Build.0 = Release|Any CPU
		{40EC0D82-FE0F-4F38-AB58-C25B0FC0102F}.Release|x64.ActiveCfg = Release|Any CPU
		{40EC0D82-FE0F-4F38-AB58-C25B0FC0102F}.Release|x64.Build.0 = Release|Any CPU
		{40EC0D82-FE0F-4F38-AB58-C25B0FC0102F}.Release|x86.ActiveCfg = Release|Any CPU
		{40EC0D82-FE0F-4F38-AB58-C25B0FC0102F}.Release|x86.Build.0 = Release|Any CPU
		{1F49E1C3-B9BC-42EC-881E-AF42D358EAF5}.Debug|Any CPU.ActiveCfg = Debug|Any CPU
		{1F49E1C3-B9BC-42EC-881E-AF42D358EAF5}.Debug|Any CPU.Build.0 = Debug|Any CPU
		{1F49E1C3-B9BC-42EC-881E-AF42D358EAF5}.Debug|x64.ActiveCfg = Debug|Any CPU
		{1F49E1C3-B9BC-42EC-881E-AF42D358EAF5}.Debug|x64.Build.0 = Debug|Any CPU
		{1F49E1C3-B9BC-42EC-881E-AF42D358EAF5}.Debug|x86.ActiveCfg = Debug|Any CPU
		{1F49E1C3-B9BC-42EC-881E-AF42D358EAF5}.Debug|x86.Build.0 = Debug|Any CPU
		{1F49E1C3-B9BC-42EC-881E-AF42D358EAF5}.Release|Any CPU.ActiveCfg = Release|Any CPU
		{1F49E1C3-B9BC-42EC-881E-AF42D358EAF5}.Release|Any CPU.Build.0 = Release|Any CPU
		{1F49E1C3-B9BC-42EC-881E-AF42D358EAF5}.Release|x64.ActiveCfg = Release|Any CPU
		{1F49E1C3-B9BC-42EC-881E-AF42D358EAF5}.Release|x64.Build.0 = Release|Any CPU
		{1F49E1C3-B9BC-42EC-881E-AF42D358EAF5}.Release|x86.ActiveCfg = Release|Any CPU
		{1F49E1C3-B9BC-42EC-881E-AF42D358EAF5}.Release|x86.Build.0 = Release|Any CPU
		{12E10AE2-85D2-4110-8C33-4F2CFC849BF2}.Debug|Any CPU.ActiveCfg = Debug|Any CPU
		{12E10AE2-85D2-4110-8C33-4F2CFC849BF2}.Debug|Any CPU.Build.0 = Debug|Any CPU
		{12E10AE2-85D2-4110-8C33-4F2CFC849BF2}.Debug|x64.ActiveCfg = Debug|Any CPU
		{12E10AE2-85D2-4110-8C33-4F2CFC849BF2}.Debug|x64.Build.0 = Debug|Any CPU
		{12E10AE2-85D2-4110-8C33-4F2CFC849BF2}.Debug|x86.ActiveCfg = Debug|Any CPU
		{12E10AE2-85D2-4110-8C33-4F2CFC849BF2}.Debug|x86.Build.0 = Debug|Any CPU
		{12E10AE2-85D2-4110-8C33-4F2CFC849BF2}.Release|Any CPU.ActiveCfg = Release|Any CPU
		{12E10AE2-85D2-4110-8C33-4F2CFC849BF2}.Release|Any CPU.Build.0 = Release|Any CPU
		{12E10AE2-85D2-4110-8C33-4F2CFC849BF2}.Release|x64.ActiveCfg = Release|Any CPU
		{12E10AE2-85D2-4110-8C33-4F2CFC849BF2}.Release|x64.Build.0 = Release|Any CPU
		{12E10AE2-85D2-4110-8C33-4F2CFC849BF2}.Release|x86.ActiveCfg = Release|Any CPU
		{12E10AE2-85D2-4110-8C33-4F2CFC849BF2}.Release|x86.Build.0 = Release|Any CPU
		{62493CA0-0872-4C10-AE75-1D2590B027EF}.Debug|Any CPU.ActiveCfg = Debug|Any CPU
		{62493CA0-0872-4C10-AE75-1D2590B027EF}.Debug|Any CPU.Build.0 = Debug|Any CPU
		{62493CA0-0872-4C10-AE75-1D2590B027EF}.Debug|x64.ActiveCfg = Debug|Any CPU
		{62493CA0-0872-4C10-AE75-1D2590B027EF}.Debug|x64.Build.0 = Debug|Any CPU
		{62493CA0-0872-4C10-AE75-1D2590B027EF}.Debug|x86.ActiveCfg = Debug|Any CPU
		{62493CA0-0872-4C10-AE75-1D2590B027EF}.Debug|x86.Build.0 = Debug|Any CPU
		{62493CA0-0872-4C10-AE75-1D2590B027EF}.Release|Any CPU.ActiveCfg = Release|Any CPU
		{62493CA0-0872-4C10-AE75-1D2590B027EF}.Release|Any CPU.Build.0 = Release|Any CPU
		{62493CA0-0872-4C10-AE75-1D2590B027EF}.Release|x64.ActiveCfg = Release|Any CPU
		{62493CA0-0872-4C10-AE75-1D2590B027EF}.Release|x64.Build.0 = Release|Any CPU
		{62493CA0-0872-4C10-AE75-1D2590B027EF}.Release|x86.ActiveCfg = Release|Any CPU
		{62493CA0-0872-4C10-AE75-1D2590B027EF}.Release|x86.Build.0 = Release|Any CPU
	EndGlobalSection
	GlobalSection(NestedProjects) = preSolution
	EndGlobalSection
EndGlobal
