
Microsoft Visual Studio Solution File, Format Version 12.00
# Visual Studio Version 17
VisualStudioVersion = 17.8.34322.80
MinimumVisualStudioVersion = 10.0.40219.1
Project("{FAE04EC0-301F-11D3-BF4B-00C04F79EFBC}") = "MauiApp1", "MauiApp1\MauiApp1.csproj", "{F47CF5D7-9D19-48C1-9AC3-0F26B4133D92}"
EndProject
Global
	GlobalSection(SolutionConfigurationPlatforms) = preSolution
		Debug|Any CPU = Debug|Any CPU
		Release|Any CPU = Release|Any CPU
	EndGlobalSection
	GlobalSection(ProjectConfigurationPlatforms) = postSolution
		{F47CF5D7-9D19-48C1-9AC3-0F26B4133D92}.Debug|Any CPU.ActiveCfg = Debug|Any CPU
		{F47CF5D7-9D19-48C1-9AC3-0F26B4133D92}.Debug|Any CPU.Build.0 = Debug|Any CPU
		{F47CF5D7-9D19-48C1-9AC3-0F26B4133D92}.Debug|Any CPU.Deploy.0 = Debug|Any CPU
		{F47CF5D7-9D19-48C1-9AC3-0F26B4133D92}.Release|Any CPU.ActiveCfg = Release|Any CPU
		{F47CF5D7-9D19-48C1-9AC3-0F26B4133D92}.Release|Any CPU.Build.0 = Release|Any CPU
		{F47CF5D7-9D19-48C1-9AC3-0F26B4133D92}.Release|Any CPU.Deploy.0 = Release|Any CPU
	EndGlobalSection
	GlobalSection(SolutionProperties) = preSolution
		HideSolutionNode = FALSE
	EndGlobalSection
	GlobalSection(ExtensibilityGlobals) = postSolution
		SolutionGuid = {CF4F4884-6B6D-4CA0-9BD0-FCD86EFD26F4}
	EndGlobalSection
EndGlobal
