
Microsoft Visual Studio Solution File, Format Version 12.00
# Visual Studio Version 17
VisualStudioVersion = 17.0.31903.59
MinimumVisualStudioVersion = 15.0.26124.0
Project("{9A19103F-16F7-4668-BE54-9A1E7A4F7556}") = "IdentityServerHost", "IdentityServer\IdentityServerHost.csproj", "{0196F924-7B04-4DDC-AB1E-C0DD1D329D5B}"
EndProject
Project("{9A19103F-16F7-4668-BE54-9A1E7A4F7556}") = "ConsoleCibaClient", "ConsoleCibaClient\ConsoleCibaClient.csproj", "{A31E166F-54C4-42E9-95E1-448B5BB8F3B3}"
EndProject
Project("{9A19103F-16F7-4668-BE54-9A1E7A4F7556}") = "SimpleApi", "SimpleApi\SimpleApi.csproj", "{194ABC4A-1D22-4C99-B529-E99372976E1A}"
EndProject
Global
	GlobalSection(SolutionConfigurationPlatforms) = preSolution
		Debug|Any CPU = Debug|Any CPU
		Release|Any CPU = Release|Any CPU
	EndGlobalSection
	GlobalSection(ProjectConfigurationPlatforms) = postSolution
		{0196F924-7B04-4DDC-AB1E-C0DD1D329D5B}.Debug|Any CPU.ActiveCfg = Debug|Any CPU
		{0196F924-7B04-4DDC-AB1E-C0DD1D329D5B}.Debug|Any CPU.Build.0 = Debug|Any CPU
		{0196F924-7B04-4DDC-AB1E-C0DD1D329D5B}.Release|Any CPU.ActiveCfg = Release|Any CPU
		{0196F924-7B04-4DDC-AB1E-C0DD1D329D5B}.Release|Any CPU.Build.0 = Release|Any CPU
		{A31E166F-54C4-42E9-95E1-448B5BB8F3B3}.Debug|Any CPU.ActiveCfg = Debug|Any CPU
		{A31E166F-54C4-42E9-95E1-448B5BB8F3B3}.Debug|Any CPU.Build.0 = Debug|Any CPU
		{A31E166F-54C4-42E9-95E1-448B5BB8F3B3}.Release|Any CPU.ActiveCfg = Release|Any CPU
		{A31E166F-54C4-42E9-95E1-448B5BB8F3B3}.Release|Any CPU.Build.0 = Release|Any CPU
		{194ABC4A-1D22-4C99-B529-E99372976E1A}.Debug|Any CPU.ActiveCfg = Debug|Any CPU
		{194ABC4A-1D22-4C99-B529-E99372976E1A}.Debug|Any CPU.Build.0 = Debug|Any CPU
		{194ABC4A-1D22-4C99-B529-E99372976E1A}.Release|Any CPU.ActiveCfg = Release|Any CPU
		{194ABC4A-1D22-4C99-B529-E99372976E1A}.Release|Any CPU.Build.0 = Release|Any CPU
	EndGlobalSection
	GlobalSection(SolutionProperties) = preSolution
		HideSolutionNode = FALSE
	EndGlobalSection
	GlobalSection(ExtensibilityGlobals) = postSolution
		SolutionGuid = {EA621E94-3B21-42CC-99E3-38BECCCA2E66}
	EndGlobalSection
EndGlobal
