
Microsoft Visual Studio Solution File, Format Version 12.00
# Visual Studio Version 16
VisualStudioVersion = 16.0.31205.134
MinimumVisualStudioVersion = 10.0.40219.1
Project("{9A19103F-16F7-4668-BE54-9A1E7A4F7556}") = "IdentityServerHost", "IdentityServerHost\IdentityServerHost.csproj", "{9B241402-8ED3-4D2E-A3BE-076ACEC4F4AA}"
EndProject
Project("{9A19103F-16F7-4668-BE54-9A1E7A4F7556}") = "MvcClient", "MvcClient\MvcClient.csproj", "{85CD36E8-3402-443B-859A-72E4B9390E8B}"
EndProject
Global
	GlobalSection(SolutionConfigurationPlatforms) = preSolution
		Debug|Any CPU = Debug|Any CPU
		Release|Any CPU = Release|Any CPU
	EndGlobalSection
	GlobalSection(ProjectConfigurationPlatforms) = postSolution
		{9B241402-8ED3-4D2E-A3BE-076ACEC4F4AA}.Debug|Any CPU.ActiveCfg = Debug|Any CPU
		{9B241402-8ED3-4D2E-A3BE-076ACEC4F4AA}.Debug|Any CPU.Build.0 = Debug|Any CPU
		{9B241402-8ED3-4D2E-A3BE-076ACEC4F4AA}.Release|Any CPU.ActiveCfg = Release|Any CPU
		{9B241402-8ED3-4D2E-A3BE-076ACEC4F4AA}.Release|Any CPU.Build.0 = Release|Any CPU
		{85CD36E8-3402-443B-859A-72E4B9390E8B}.Debug|Any CPU.ActiveCfg = Debug|Any CPU
		{85CD36E8-3402-443B-859A-72E4B9390E8B}.Debug|Any CPU.Build.0 = Debug|Any CPU
		{85CD36E8-3402-443B-859A-72E4B9390E8B}.Release|Any CPU.ActiveCfg = Release|Any CPU
		{85CD36E8-3402-443B-859A-72E4B9390E8B}.Release|Any CPU.Build.0 = Release|Any CPU
	EndGlobalSection
	GlobalSection(SolutionProperties) = preSolution
		HideSolutionNode = FALSE
	EndGlobalSection
	GlobalSection(ExtensibilityGlobals) = postSolution
		SolutionGuid = {BF7A01C1-24E8-4218-B3B4-27DA57A735C4}
	EndGlobalSection
EndGlobal
