
Microsoft Visual Studio Solution File, Format Version 12.00
# Visual Studio Version 17
VisualStudioVersion = 17.4.33103.184
MinimumVisualStudioVersion = 10.0.40219.1
Project("{2150E333-8FDC-42A3-9474-1A3956D46DE8}") = "src", "src", "{EAE87369-80FD-4CC4-9FD9-A6039B88A445}"
EndProject
Project("{9A19103F-16F7-4668-BE54-9A1E7A4F7556}") = "BackendApiHost", "src\BackendApiHost\BackendApiHost.csproj", "{0549B194-7F87-484D-BB7F-E6755E251E98}"
EndProject
Project("{FAE04EC0-301F-11D3-BF4B-00C04F79EFBC}") = "FrontendHost", "src\FrontendHost\FrontendHost.csproj", "{70C4FA9C-EF8E-4984-A3AD-AFD092FDD155}"
EndProject
Global
	GlobalSection(SolutionConfigurationPlatforms) = preSolution
		Debug|Any CPU = Debug|Any CPU
		Release|Any CPU = Release|Any CPU
	EndGlobalSection
	GlobalSection(ProjectConfigurationPlatforms) = postSolution
		{0549B194-7F87-484D-BB7F-E6755E251E98}.Debug|Any CPU.ActiveCfg = Debug|Any CPU
		{0549B194-7F87-484D-BB7F-E6755E251E98}.Debug|Any CPU.Build.0 = Debug|Any CPU
		{0549B194-7F87-484D-BB7F-E6755E251E98}.Release|Any CPU.ActiveCfg = Release|Any CPU
		{0549B194-7F87-484D-BB7F-E6755E251E98}.Release|Any CPU.Build.0 = Release|Any CPU
		{70C4FA9C-EF8E-4984-A3AD-AFD092FDD155}.Debug|Any CPU.ActiveCfg = Debug|Any CPU
		{70C4FA9C-EF8E-4984-A3AD-AFD092FDD155}.Debug|Any CPU.Build.0 = Debug|Any CPU
		{70C4FA9C-EF8E-4984-A3AD-AFD092FDD155}.Release|Any CPU.ActiveCfg = Release|Any CPU
		{70C4FA9C-EF8E-4984-A3AD-AFD092FDD155}.Release|Any CPU.Build.0 = Release|Any CPU
	EndGlobalSection
	GlobalSection(SolutionProperties) = preSolution
		HideSolutionNode = FALSE
	EndGlobalSection
	GlobalSection(NestedProjects) = preSolution
		{0549B194-7F87-484D-BB7F-E6755E251E98} = {EAE87369-80FD-4CC4-9FD9-A6039B88A445}
		{70C4FA9C-EF8E-4984-A3AD-AFD092FDD155} = {EAE87369-80FD-4CC4-9FD9-A6039B88A445}
	EndGlobalSection
	GlobalSection(ExtensibilityGlobals) = postSolution
		SolutionGuid = {7EFAB995-A094-4F1F-A269-634E228BE4C4}
	EndGlobalSection
EndGlobal
