
Microsoft Visual Studio Solution File, Format Version 12.00
# Visual Studio Version 17
VisualStudioVersion = 17.0.31912.275
MinimumVisualStudioVersion = 15.0.26124.0
Project("{9A19103F-16F7-4668-BE54-9A1E7A4F7556}") = "IdentityServerHost", "IdentityServer\IdentityServerHost.csproj", "{0E801369-EC29-497E-9D41-403E4111F672}"
EndProject
Project("{9A19103F-16F7-4668-BE54-9A1E7A4F7556}") = "MvcClient", "MvcBasic\MvcClient.csproj", "{7E6CC06C-13D3-4754-BC55-E224C42F5F78}"
EndProject
Project("{9A19103F-16F7-4668-BE54-9A1E7A4F7556}") = "SimpleApi", "Apis\SimpleApi.csproj", "{D87B7842-E586-4DC4-95E1-539841AB5FF0}"
EndProject
Global
	GlobalSection(SolutionConfigurationPlatforms) = preSolution
		Debug|Any CPU = Debug|Any CPU
		Release|Any CPU = Release|Any CPU
	EndGlobalSection
	GlobalSection(ProjectConfigurationPlatforms) = postSolution
		{0E801369-EC29-497E-9D41-403E4111F672}.Debug|Any CPU.ActiveCfg = Debug|Any CPU
		{0E801369-EC29-497E-9D41-403E4111F672}.Debug|Any CPU.Build.0 = Debug|Any CPU
		{0E801369-EC29-497E-9D41-403E4111F672}.Release|Any CPU.ActiveCfg = Release|Any CPU
		{0E801369-EC29-497E-9D41-403E4111F672}.Release|Any CPU.Build.0 = Release|Any CPU
		{7E6CC06C-13D3-4754-BC55-E224C42F5F78}.Debug|Any CPU.ActiveCfg = Debug|Any CPU
		{7E6CC06C-13D3-4754-BC55-E224C42F5F78}.Debug|Any CPU.Build.0 = Debug|Any CPU
		{7E6CC06C-13D3-4754-BC55-E224C42F5F78}.Release|Any CPU.ActiveCfg = Release|Any CPU
		{7E6CC06C-13D3-4754-BC55-E224C42F5F78}.Release|Any CPU.Build.0 = Release|Any CPU
		{D87B7842-E586-4DC4-95E1-539841AB5FF0}.Debug|Any CPU.ActiveCfg = Debug|Any CPU
		{D87B7842-E586-4DC4-95E1-539841AB5FF0}.Debug|Any CPU.Build.0 = Debug|Any CPU
		{D87B7842-E586-4DC4-95E1-539841AB5FF0}.Release|Any CPU.ActiveCfg = Release|Any CPU
		{D87B7842-E586-4DC4-95E1-539841AB5FF0}.Release|Any CPU.Build.0 = Release|Any CPU
	EndGlobalSection
	GlobalSection(SolutionProperties) = preSolution
		HideSolutionNode = FALSE
	EndGlobalSection
	GlobalSection(ExtensibilityGlobals) = postSolution
		SolutionGuid = {39E38D41-6FB9-4071-AD37-D24732812644}
	EndGlobalSection
EndGlobal
