
Microsoft Visual Studio Solution File, Format Version 12.00
# Visual Studio Version 16
VisualStudioVersion = 16.0.30114.105
MinimumVisualStudioVersion = 10.0.40219.1
Project("{FAE04EC0-301F-11D3-BF4B-00C04F79EFBC}") = "Blazor6.Shared", "src\Shared\Blazor6.Shared.csproj", "{547584B2-E45F-4CBE-A7B9-3BA36DA865FE}"
EndProject
Project("{FAE04EC0-301F-11D3-BF4B-00C04F79EFBC}") = "Blazor6.Client", "src\Client\Blazor6.Client.csproj", "{BFAAF482-E9F8-43C4-8B02-D66623E67113}"
EndProject
Project("{FAE04EC0-301F-11D3-BF4B-00C04F79EFBC}") = "Blazor6.Server", "src\Server\Blazor6.Server.csproj", "{0E5736AC-8BBC-494E-AB33-77A8B4C7BFEF}"
EndProject
Global
	GlobalSection(SolutionConfigurationPlatforms) = preSolution
		Debug|Any CPU = Debug|Any CPU
		Release|Any CPU = Release|Any CPU
	EndGlobalSection
	GlobalSection(SolutionProperties) = preSolution
		HideSolutionNode = FALSE
	EndGlobalSection
	GlobalSection(ProjectConfigurationPlatforms) = postSolution
		{547584B2-E45F-4CBE-A7B9-3BA36DA865FE}.Debug|Any CPU.ActiveCfg = Debug|Any CPU
		{547584B2-E45F-4CBE-A7B9-3BA36DA865FE}.Debug|Any CPU.Build.0 = Debug|Any CPU
		{547584B2-E45F-4CBE-A7B9-3BA36DA865FE}.Release|Any CPU.ActiveCfg = Release|Any CPU
		{547584B2-E45F-4CBE-A7B9-3BA36DA865FE}.Release|Any CPU.Build.0 = Release|Any CPU
		{BFAAF482-E9F8-43C4-8B02-D66623E67113}.Debug|Any CPU.ActiveCfg = Debug|Any CPU
		{BFAAF482-E9F8-43C4-8B02-D66623E67113}.Debug|Any CPU.Build.0 = Debug|Any CPU
		{BFAAF482-E9F8-43C4-8B02-D66623E67113}.Release|Any CPU.ActiveCfg = Release|Any CPU
		{BFAAF482-E9F8-43C4-8B02-D66623E67113}.Release|Any CPU.Build.0 = Release|Any CPU
		{0E5736AC-8BBC-494E-AB33-77A8B4C7BFEF}.Debug|Any CPU.ActiveCfg = Debug|Any CPU
		{0E5736AC-8BBC-494E-AB33-77A8B4C7BFEF}.Debug|Any CPU.Build.0 = Debug|Any CPU
		{0E5736AC-8BBC-494E-AB33-77A8B4C7BFEF}.Release|Any CPU.ActiveCfg = Release|Any CPU
		{0E5736AC-8BBC-494E-AB33-77A8B4C7BFEF}.Release|Any CPU.Build.0 = Release|Any CPU
	EndGlobalSection
EndGlobal
