
Microsoft Visual Studio Solution File, Format Version 12.00
Project("{FAE04EC0-301F-11D3-BF4B-00C04F79EFBC}") = "MauiApp2", "MauiApp2\MauiApp2.csproj", "{C3FD8767-3DBF-49C8-A135-EAE56971AABE}"
EndProject
Global
	GlobalSection(SolutionConfigurationPlatforms) = preSolution
		Debug|Any CPU = Debug|Any CPU
		Release|Any CPU = Release|Any CPU
	EndGlobalSection
	GlobalSection(ProjectConfigurationPlatforms) = postSolution
		{C3FD8767-3DBF-49C8-A135-EAE56971AABE}.Debug|Any CPU.ActiveCfg = Debug|Any CPU
		{C3FD8767-3DBF-49C8-A135-EAE56971AABE}.Debug|Any CPU.Build.0 = Debug|Any CPU
		{C3FD8767-3DBF-49C8-A135-EAE56971AABE}.Release|Any CPU.ActiveCfg = Release|Any CPU
		{C3FD8767-3DBF-49C8-A135-EAE56971AABE}.Release|Any CPU.Build.0 = Release|Any CPU
	EndGlobalSection
EndGlobal
