
Microsoft Visual Studio Solution File, Format Version 12.00
# Visual Studio Version 17
VisualStudioVersion = 17.1.32421.90
MinimumVisualStudioVersion = 10.0.40219.1
Project("{FAE04EC0-301F-11D3-BF4B-00C04F79EFBC}") = "WebForms", "WebForms\WebForms.csproj", "{8C866FC8-D6B3-4F3F-BFEC-660880012F63}"
EndProject
Project("{9A19103F-16F7-4668-BE54-9A1E7A4F7556}") = "IdentityServerHost", "IdentityServerHost\IdentityServerHost.csproj", "{03DECF2F-5704-4220-B82B-F35E7AAA9435}"
EndProject
Project("{FAE04EC0-301F-11D3-BF4B-00C04F79EFBC}") = "SimpleApi", "SimpleOwinApi\SimpleApi.csproj", "{07A0AF39-8342-404E-B889-A515E1BA135A}"
EndProject
Project("{FAE04EC0-301F-11D3-BF4B-00C04F79EFBC}") = "Mvc", "Mvc\Mvc.csproj", "{4B3BB85E-7B17-418D-992B-A070A823B1FB}"
EndProject
Global
	GlobalSection(SolutionConfigurationPlatforms) = preSolution
		Debug|Any CPU = Debug|Any CPU
		Release|Any CPU = Release|Any CPU
	EndGlobalSection
	GlobalSection(ProjectConfigurationPlatforms) = postSolution
		{8C866FC8-D6B3-4F3F-BFEC-660880012F63}.Debug|Any CPU.ActiveCfg = Debug|Any CPU
		{8C866FC8-D6B3-4F3F-BFEC-660880012F63}.Debug|Any CPU.Build.0 = Debug|Any CPU
		{8C866FC8-D6B3-4F3F-BFEC-660880012F63}.Release|Any CPU.ActiveCfg = Release|Any CPU
		{8C866FC8-D6B3-4F3F-BFEC-660880012F63}.Release|Any CPU.Build.0 = Release|Any CPU
		{03DECF2F-5704-4220-B82B-F35E7AAA9435}.Debug|Any CPU.ActiveCfg = Debug|Any CPU
		{03DECF2F-5704-4220-B82B-F35E7AAA9435}.Debug|Any CPU.Build.0 = Debug|Any CPU
		{03DECF2F-5704-4220-B82B-F35E7AAA9435}.Release|Any CPU.ActiveCfg = Release|Any CPU
		{03DECF2F-5704-4220-B82B-F35E7AAA9435}.Release|Any CPU.Build.0 = Release|Any CPU
		{07A0AF39-8342-404E-B889-A515E1BA135A}.Debug|Any CPU.ActiveCfg = Debug|Any CPU
		{07A0AF39-8342-404E-B889-A515E1BA135A}.Debug|Any CPU.Build.0 = Debug|Any CPU
		{07A0AF39-8342-404E-B889-A515E1BA135A}.Release|Any CPU.ActiveCfg = Release|Any CPU
		{07A0AF39-8342-404E-B889-A515E1BA135A}.Release|Any CPU.Build.0 = Release|Any CPU
		{4B3BB85E-7B17-418D-992B-A070A823B1FB}.Debug|Any CPU.ActiveCfg = Debug|Any CPU
		{4B3BB85E-7B17-418D-992B-A070A823B1FB}.Debug|Any CPU.Build.0 = Debug|Any CPU
		{4B3BB85E-7B17-418D-992B-A070A823B1FB}.Release|Any CPU.ActiveCfg = Release|Any CPU
		{4B3BB85E-7B17-418D-992B-A070A823B1FB}.Release|Any CPU.Build.0 = Release|Any CPU
	EndGlobalSection
	GlobalSection(SolutionProperties) = preSolution
		HideSolutionNode = FALSE
	EndGlobalSection
	GlobalSection(ExtensibilityGlobals) = postSolution
		SolutionGuid = {1746446B-4B3A-4A69-8873-70B3FE166EFB}
	EndGlobalSection
EndGlobal
