
Microsoft Visual Studio Solution File, Format Version 12.00
# Visual Studio Version 16
VisualStudioVersion = 16.0.30114.105
MinimumVisualStudioVersion = 10.0.40219.1
Project("{FAE04EC0-301F-11D3-BF4B-00C04F79EFBC}") = "IdentityServer", "src\IdentityServer\IdentityServer.csproj", "{ECFF0234-BC1C-441B-9CF7-72208DDE2D45}"
EndProject
Project("{FAE04EC0-301F-11D3-BF4B-00C04F79EFBC}") = "Api", "src\Api\Api.csproj", "{020C3B75-55CB-415C-98A1-F515D9620CF8}"
EndProject
Project("{FAE04EC0-301F-11D3-BF4B-00C04F79EFBC}") = "Client", "src\Client\Client.csproj", "{859F825A-ED53-42D5-B7AD-1287E47CBA8B}"
EndProject
Global
	GlobalSection(SolutionConfigurationPlatforms) = preSolution
		Debug|Any CPU = Debug|Any CPU
		Debug|x64 = Debug|x64
		Debug|x86 = Debug|x86
		Release|Any CPU = Release|Any CPU
		Release|x64 = Release|x64
		Release|x86 = Release|x86
	EndGlobalSection
	GlobalSection(SolutionProperties) = preSolution
		HideSolutionNode = FALSE
	EndGlobalSection
	GlobalSection(ProjectConfigurationPlatforms) = postSolution
		{ECFF0234-BC1C-441B-9CF7-72208DDE2D45}.Debug|Any CPU.ActiveCfg = Debug|Any CPU
		{ECFF0234-BC1C-441B-9CF7-72208DDE2D45}.Debug|Any CPU.Build.0 = Debug|Any CPU
		{ECFF0234-BC1C-441B-9CF7-72208DDE2D45}.Debug|x64.ActiveCfg = Debug|Any CPU
		{ECFF0234-BC1C-441B-9CF7-72208DDE2D45}.Debug|x64.Build.0 = Debug|Any CPU
		{ECFF0234-BC1C-441B-9CF7-72208DDE2D45}.Debug|x86.ActiveCfg = Debug|Any CPU
		{ECFF0234-BC1C-441B-9CF7-72208DDE2D45}.Debug|x86.Build.0 = Debug|Any CPU
		{ECFF0234-BC1C-441B-9CF7-72208DDE2D45}.Release|Any CPU.ActiveCfg = Release|Any CPU
		{ECFF0234-BC1C-441B-9CF7-72208DDE2D45}.Release|Any CPU.Build.0 = Release|Any CPU
		{ECFF0234-BC1C-441B-9CF7-72208DDE2D45}.Release|x64.ActiveCfg = Release|Any CPU
		{ECFF0234-BC1C-441B-9CF7-72208DDE2D45}.Release|x64.Build.0 = Release|Any CPU
		{ECFF0234-BC1C-441B-9CF7-72208DDE2D45}.Release|x86.ActiveCfg = Release|Any CPU
		{ECFF0234-BC1C-441B-9CF7-72208DDE2D45}.Release|x86.Build.0 = Release|Any CPU
		{020C3B75-55CB-415C-98A1-F515D9620CF8}.Debug|Any CPU.ActiveCfg = Debug|Any CPU
		{020C3B75-55CB-415C-98A1-F515D9620CF8}.Debug|Any CPU.Build.0 = Debug|Any CPU
		{020C3B75-55CB-415C-98A1-F515D9620CF8}.Debug|x64.ActiveCfg = Debug|Any CPU
		{020C3B75-55CB-415C-98A1-F515D9620CF8}.Debug|x64.Build.0 = Debug|Any CPU
		{020C3B75-55CB-415C-98A1-F515D9620CF8}.Debug|x86.ActiveCfg = Debug|Any CPU
		{020C3B75-55CB-415C-98A1-F515D9620CF8}.Debug|x86.Build.0 = Debug|Any CPU
		{020C3B75-55CB-415C-98A1-F515D9620CF8}.Release|Any CPU.ActiveCfg = Release|Any CPU
		{020C3B75-55CB-415C-98A1-F515D9620CF8}.Release|Any CPU.Build.0 = Release|Any CPU
		{020C3B75-55CB-415C-98A1-F515D9620CF8}.Release|x64.ActiveCfg = Release|Any CPU
		{020C3B75-55CB-415C-98A1-F515D9620CF8}.Release|x64.Build.0 = Release|Any CPU
		{020C3B75-55CB-415C-98A1-F515D9620CF8}.Release|x86.ActiveCfg = Release|Any CPU
		{020C3B75-55CB-415C-98A1-F515D9620CF8}.Release|x86.Build.0 = Release|Any CPU
		{859F825A-ED53-42D5-B7AD-1287E47CBA8B}.Debug|Any CPU.ActiveCfg = Debug|Any CPU
		{859F825A-ED53-42D5-B7AD-1287E47CBA8B}.Debug|Any CPU.Build.0 = Debug|Any CPU
		{859F825A-ED53-42D5-B7AD-1287E47CBA8B}.Debug|x64.ActiveCfg = Debug|Any CPU
		{859F825A-ED53-42D5-B7AD-1287E47CBA8B}.Debug|x64.Build.0 = Debug|Any CPU
		{859F825A-ED53-42D5-B7AD-1287E47CBA8B}.Debug|x86.ActiveCfg = Debug|Any CPU
		{859F825A-ED53-42D5-B7AD-1287E47CBA8B}.Debug|x86.Build.0 = Debug|Any CPU
		{859F825A-ED53-42D5-B7AD-1287E47CBA8B}.Release|Any CPU.ActiveCfg = Release|Any CPU
		{859F825A-ED53-42D5-B7AD-1287E47CBA8B}.Release|Any CPU.Build.0 = Release|Any CPU
		{859F825A-ED53-42D5-B7AD-1287E47CBA8B}.Release|x64.ActiveCfg = Release|Any CPU
		{859F825A-ED53-42D5-B7AD-1287E47CBA8B}.Release|x64.Build.0 = Release|Any CPU
		{859F825A-ED53-42D5-B7AD-1287E47CBA8B}.Release|x86.ActiveCfg = Release|Any CPU
		{859F825A-ED53-42D5-B7AD-1287E47CBA8B}.Release|x86.Build.0 = Release|Any CPU
	EndGlobalSection
EndGlobal
