
Microsoft Visual Studio Solution File, Format Version 12.00
# Visual Studio 15
VisualStudioVersion = 15.0.26124.0
MinimumVisualStudioVersion = 15.0.26124.0
Project("{FAE04EC0-301F-11D3-BF4B-00C04F79EFBC}") = "Client", "src\Client.csproj", "{62493CA0-0872-4C10-AE75-1D2590B027EF}"
EndProject
Project("{FAE04EC0-301F-11D3-BF4B-00C04F79EFBC}") = "SimpleApi", "..\..\Apis\SimpleApi\SimpleApi.csproj", "{CA0B678A-AB8A-4917-B58B-2779D1D74C45}"
EndProject
Project("{FAE04EC0-301F-11D3-BF4B-00C04F79EFBC}") = "IdentityServerHost", "..\..\IdentityServerHost\src\IdentityServerHost.csproj", "{131A8C1E-C9F0-46FA-9B44-C234E2173429}"
EndProject
Global
	GlobalSection(SolutionConfigurationPlatforms) = preSolution
		Debug|Any CPU = Debug|Any CPU
		Debug|x64 = Debug|x64
		Debug|x86 = Debug|x86
		Release|Any CPU = Release|Any CPU
		Release|x64 = Release|x64
		Release|x86 = Release|x86
	EndGlobalSection
	GlobalSection(SolutionProperties) = preSolution
		HideSolutionNode = FALSE
	EndGlobalSection
	GlobalSection(ProjectConfigurationPlatforms) = postSolution
		{1F49E1C3-B9BC-42EC-881E-AF42D358EAF5}.Debug|Any CPU.ActiveCfg = Debug|Any CPU
		{1F49E1C3-B9BC-42EC-881E-AF42D358EAF5}.Debug|Any CPU.Build.0 = Debug|Any CPU
		{1F49E1C3-B9BC-42EC-881E-AF42D358EAF5}.Debug|x64.ActiveCfg = Debug|Any CPU
		{1F49E1C3-B9BC-42EC-881E-AF42D358EAF5}.Debug|x64.Build.0 = Debug|Any CPU
		{1F49E1C3-B9BC-42EC-881E-AF42D358EAF5}.Debug|x86.ActiveCfg = Debug|Any CPU
		{1F49E1C3-B9BC-42EC-881E-AF42D358EAF5}.Debug|x86.Build.0 = Debug|Any CPU
		{1F49E1C3-B9BC-42EC-881E-AF42D358EAF5}.Release|Any CPU.ActiveCfg = Release|Any CPU
		{1F49E1C3-B9BC-42EC-881E-AF42D358EAF5}.Release|Any CPU.Build.0 = Release|Any CPU
		{1F49E1C3-B9BC-42EC-881E-AF42D358EAF5}.Release|x64.ActiveCfg = Release|Any CPU
		{1F49E1C3-B9BC-42EC-881E-AF42D358EAF5}.Release|x64.Build.0 = Release|Any CPU
		{1F49E1C3-B9BC-42EC-881E-AF42D358EAF5}.Release|x86.ActiveCfg = Release|Any CPU
		{1F49E1C3-B9BC-42EC-881E-AF42D358EAF5}.Release|x86.Build.0 = Release|Any CPU
		{62493CA0-0872-4C10-AE75-1D2590B027EF}.Debug|Any CPU.ActiveCfg = Debug|Any CPU
		{62493CA0-0872-4C10-AE75-1D2590B027EF}.Debug|Any CPU.Build.0 = Debug|Any CPU
		{62493CA0-0872-4C10-AE75-1D2590B027EF}.Debug|x64.ActiveCfg = Debug|Any CPU
		{62493CA0-0872-4C10-AE75-1D2590B027EF}.Debug|x64.Build.0 = Debug|Any CPU
		{62493CA0-0872-4C10-AE75-1D2590B027EF}.Debug|x86.ActiveCfg = Debug|Any CPU
		{62493CA0-0872-4C10-AE75-1D2590B027EF}.Debug|x86.Build.0 = Debug|Any CPU
		{62493CA0-0872-4C10-AE75-1D2590B027EF}.Release|Any CPU.ActiveCfg = Release|Any CPU
		{62493CA0-0872-4C10-AE75-1D2590B027EF}.Release|Any CPU.Build.0 = Release|Any CPU
		{62493CA0-0872-4C10-AE75-1D2590B027EF}.Release|x64.ActiveCfg = Release|Any CPU
		{62493CA0-0872-4C10-AE75-1D2590B027EF}.Release|x64.Build.0 = Release|Any CPU
		{62493CA0-0872-4C10-AE75-1D2590B027EF}.Release|x86.ActiveCfg = Release|Any CPU
		{62493CA0-0872-4C10-AE75-1D2590B027EF}.Release|x86.Build.0 = Release|Any CPU
		{CA0B678A-AB8A-4917-B58B-2779D1D74C45}.Debug|Any CPU.ActiveCfg = Debug|Any CPU
		{CA0B678A-AB8A-4917-B58B-2779D1D74C45}.Debug|Any CPU.Build.0 = Debug|Any CPU
		{CA0B678A-AB8A-4917-B58B-2779D1D74C45}.Debug|x64.ActiveCfg = Debug|Any CPU
		{CA0B678A-AB8A-4917-B58B-2779D1D74C45}.Debug|x64.Build.0 = Debug|Any CPU
		{CA0B678A-AB8A-4917-B58B-2779D1D74C45}.Debug|x86.ActiveCfg = Debug|Any CPU
		{CA0B678A-AB8A-4917-B58B-2779D1D74C45}.Debug|x86.Build.0 = Debug|Any CPU
		{CA0B678A-AB8A-4917-B58B-2779D1D74C45}.Release|Any CPU.ActiveCfg = Release|Any CPU
		{CA0B678A-AB8A-4917-B58B-2779D1D74C45}.Release|Any CPU.Build.0 = Release|Any CPU
		{CA0B678A-AB8A-4917-B58B-2779D1D74C45}.Release|x64.ActiveCfg = Release|Any CPU
		{CA0B678A-AB8A-4917-B58B-2779D1D74C45}.Release|x64.Build.0 = Release|Any CPU
		{CA0B678A-AB8A-4917-B58B-2779D1D74C45}.Release|x86.ActiveCfg = Release|Any CPU
		{CA0B678A-AB8A-4917-B58B-2779D1D74C45}.Release|x86.Build.0 = Release|Any CPU
		{131A8C1E-C9F0-46FA-9B44-C234E2173429}.Debug|Any CPU.ActiveCfg = Debug|Any CPU
		{131A8C1E-C9F0-46FA-9B44-C234E2173429}.Debug|Any CPU.Build.0 = Debug|Any CPU
		{131A8C1E-C9F0-46FA-9B44-C234E2173429}.Debug|x64.ActiveCfg = Debug|Any CPU
		{131A8C1E-C9F0-46FA-9B44-C234E2173429}.Debug|x64.Build.0 = Debug|Any CPU
		{131A8C1E-C9F0-46FA-9B44-C234E2173429}.Debug|x86.ActiveCfg = Debug|Any CPU
		{131A8C1E-C9F0-46FA-9B44-C234E2173429}.Debug|x86.Build.0 = Debug|Any CPU
		{131A8C1E-C9F0-46FA-9B44-C234E2173429}.Release|Any CPU.ActiveCfg = Release|Any CPU
		{131A8C1E-C9F0-46FA-9B44-C234E2173429}.Release|Any CPU.Build.0 = Release|Any CPU
		{131A8C1E-C9F0-46FA-9B44-C234E2173429}.Release|x64.ActiveCfg = Release|Any CPU
		{131A8C1E-C9F0-46FA-9B44-C234E2173429}.Release|x64.Build.0 = Release|Any CPU
		{131A8C1E-C9F0-46FA-9B44-C234E2173429}.Release|x86.ActiveCfg = Release|Any CPU
		{131A8C1E-C9F0-46FA-9B44-C234E2173429}.Release|x86.Build.0 = Release|Any CPU
	EndGlobalSection
	GlobalSection(NestedProjects) = preSolution
	EndGlobalSection
EndGlobal
