
Microsoft Visual Studio Solution File, Format Version 12.00
# Visual Studio Version 17
VisualStudioVersion = 17.1.32319.34
MinimumVisualStudioVersion = 15.0.26124.0
Project("{9A19103F-16F7-4668-BE54-9A1E7A4F7556}") = "BackChannelClient", "BackChannelClient\BackChannelClient.csproj", "{559CD9B9-3756-41D8-BDC5-1EAC8AAFBF9A}"
EndProject
Project("{9A19103F-16F7-4668-BE54-9A1E7A4F7556}") = "ApiHost", "SimpleApi\ApiHost.csproj", "{D2931C0F-E591-4CBA-B487-3EE5A350F218}"
EndProject
Project("{9A19103F-16F7-4668-BE54-9A1E7A4F7556}") = "IdentityServerHost", "IdentityServer\IdentityServerHost.csproj", "{2880B5FF-9B88-476B-9869-E8A76FE65CB8}"
EndProject
Global
	GlobalSection(SolutionConfigurationPlatforms) = preSolution
		Debug|Any CPU = Debug|Any CPU
		Release|Any CPU = Release|Any CPU
	EndGlobalSection
	GlobalSection(ProjectConfigurationPlatforms) = postSolution
		{559CD9B9-3756-41D8-BDC5-1EAC8AAFBF9A}.Debug|Any CPU.ActiveCfg = Debug|Any CPU
		{559CD9B9-3756-41D8-BDC5-1EAC8AAFBF9A}.Debug|Any CPU.Build.0 = Debug|Any CPU
		{559CD9B9-3756-41D8-BDC5-1EAC8AAFBF9A}.Release|Any CPU.ActiveCfg = Release|Any CPU
		{559CD9B9-3756-41D8-BDC5-1EAC8AAFBF9A}.Release|Any CPU.Build.0 = Release|Any CPU
		{D2931C0F-E591-4CBA-B487-3EE5A350F218}.Debug|Any CPU.ActiveCfg = Debug|Any CPU
		{D2931C0F-E591-4CBA-B487-3EE5A350F218}.Debug|Any CPU.Build.0 = Debug|Any CPU
		{D2931C0F-E591-4CBA-B487-3EE5A350F218}.Release|Any CPU.ActiveCfg = Release|Any CPU
		{D2931C0F-E591-4CBA-B487-3EE5A350F218}.Release|Any CPU.Build.0 = Release|Any CPU
		{2880B5FF-9B88-476B-9869-E8A76FE65CB8}.Debug|Any CPU.ActiveCfg = Debug|Any CPU
		{2880B5FF-9B88-476B-9869-E8A76FE65CB8}.Debug|Any CPU.Build.0 = Debug|Any CPU
		{2880B5FF-9B88-476B-9869-E8A76FE65CB8}.Release|Any CPU.ActiveCfg = Release|Any CPU
		{2880B5FF-9B88-476B-9869-E8A76FE65CB8}.Release|Any CPU.Build.0 = Release|Any CPU
	EndGlobalSection
	GlobalSection(SolutionProperties) = preSolution
		HideSolutionNode = FALSE
	EndGlobalSection
	GlobalSection(ExtensibilityGlobals) = postSolution
		SolutionGuid = {610EF4D5-30E6-427C-AB71-2DE1E0A99958}
	EndGlobalSection
EndGlobal
